// !$*UTF8*$!
{
	archiveVersion = 1;
	classes = {
	};
	objectVersion = 46;
	objects = {

/* Begin PBXBuildFile section */
		5A314EA31EA70F2F00556121 /* FlowItem.swift in Sources */ = {isa = PBXBuildFile; fileRef = 5A314EA21EA70F2F00556121 /* FlowItem.swift */; };
		5A314EA51EA731A200556121 /* TTSpeechFlowManager.swift in Sources */ = {isa = PBXBuildFile; fileRef = 5A314EA41EA731A200556121 /* TTSpeechFlowManager.swift */; };
		5A3375491EB0C19B00EF025A /* ActionsManager.swift in Sources */ = {isa = PBXBuildFile; fileRef = 5A3375481EB0C19B00EF025A /* ActionsManager.swift */; };
		5A397F101EA4A96D00F2DFF3 /* AppDelegate.swift in Sources */ = {isa = PBXBuildFile; fileRef = 5A397F0F1EA4A96D00F2DFF3 /* AppDelegate.swift */; };
		5A397F121EA4A96D00F2DFF3 /* ViewController.swift in Sources */ = {isa = PBXBuildFile; fileRef = 5A397F111EA4A96D00F2DFF3 /* ViewController.swift */; };
		5A397F171EA4A96D00F2DFF3 /* Assets.xcassets in Resources */ = {isa = PBXBuildFile; fileRef = 5A397F161EA4A96D00F2DFF3 /* Assets.xcassets */; };
		5A397F251EA4A96D00F2DFF3 /* Text2SpeechTests.swift in Sources */ = {isa = PBXBuildFile; fileRef = 5A397F241EA4A96D00F2DFF3 /* Text2SpeechTests.swift */; };
		5A397F301EA4AAFD00F2DFF3 /* Language.plist in Resources */ = {isa = PBXBuildFile; fileRef = 5A397F2F1EA4AAFD00F2DFF3 /* Language.plist */; };
		5A397F321EA4B62C00F2DFF3 /* BackGroundMusic.mp3 in Resources */ = {isa = PBXBuildFile; fileRef = 5A397F311EA4B62C00F2DFF3 /* BackGroundMusic.mp3 */; };
		5A397F4A1EA4D4DE00F2DFF3 /* Sports.plist in Resources */ = {isa = PBXBuildFile; fileRef = 5A397F491EA4D4DE00F2DFF3 /* Sports.plist */; };
		5A397F4C1EA4DCBF00F2DFF3 /* main.strings in Resources */ = {isa = PBXBuildFile; fileRef = 5A397F4B1EA4DCBF00F2DFF3 /* main.strings */; };
		5A3B5A851EA5B518006294E9 /* TTSpeechManager.swift in Sources */ = {isa = PBXBuildFile; fileRef = 5A3B5A841EA5B518006294E9 /* TTSpeechManager.swift */; };
		5A3B5A891EA5E7B3006294E9 /* MonitorViewController.swift in Sources */ = {isa = PBXBuildFile; fileRef = 5A3B5A881EA5E7B3006294E9 /* MonitorViewController.swift */; };
		5A3B5A941EA5F27B006294E9 /* Main.storyboard in Resources */ = {isa = PBXBuildFile; fileRef = 5A3B5A931EA5F27B006294E9 /* Main.storyboard */; };
		5A3B5A961EA5FBED006294E9 /* InternationalViewController.swift in Sources */ = {isa = PBXBuildFile; fileRef = 5A3B5A951EA5FBED006294E9 /* InternationalViewController.swift */; };
		5A3B5A9A1EA611E7006294E9 /* NBAudioBot.swift in Sources */ = {isa = PBXBuildFile; fileRef = 5A3B5A991EA611E7006294E9 /* NBAudioBot.swift */; };
		5A3B5A9C1EA61D39006294E9 /* MixAudioAndSpeechViewController.swift in Sources */ = {isa = PBXBuildFile; fileRef = 5A3B5A9B1EA61D39006294E9 /* MixAudioAndSpeechViewController.swift */; };
		5A3B5AA01EA62370006294E9 /* SpeechFlowViewController.swift in Sources */ = {isa = PBXBuildFile; fileRef = 5A3B5A9F1EA62370006294E9 /* SpeechFlowViewController.swift */; };
		5A3B5AA21EA6291A006294E9 /* SpeechItem.swift in Sources */ = {isa = PBXBuildFile; fileRef = 5A3B5AA11EA6291A006294E9 /* SpeechItem.swift */; };
		5A41E23D1EB1DAAB00BEE891 /* ActionData.swift in Sources */ = {isa = PBXBuildFile; fileRef = 5A41E23C1EB1DAAB00BEE891 /* ActionData.swift */; };
		5A41E23F1EB33FE100BEE891 /* PauseableTimer.swift in Sources */ = {isa = PBXBuildFile; fileRef = 5A41E23E1EB33FE100BEE891 /* PauseableTimer.swift */; };
		5A71F6781EAEF8D20011F02E /* UinitBySecondViewController.swift in Sources */ = {isa = PBXBuildFile; fileRef = 5A71F6771EAEF8D20011F02E /* UinitBySecondViewController.swift */; };
		5A71F67A1EAF006D0011F02E /* ItemsGenerator.swift in Sources */ = {isa = PBXBuildFile; fileRef = 5A71F6791EAF006D0011F02E /* ItemsGenerator.swift */; };
		5A8383061EAF16A40099D415 /* intro.xml in Resources */ = {isa = PBXBuildFile; fileRef = 5A8382DC1EAF16A40099D415 /* intro.xml */; };
		5A8383071EAF16A40099D415 /* advanced1.json in Resources */ = {isa = PBXBuildFile; fileRef = 5A8382DF1EAF16A40099D415 /* advanced1.json */; };
		5A8383081EAF16A40099D415 /* advanced2.json in Resources */ = {isa = PBXBuildFile; fileRef = 5A8382E01EAF16A40099D415 /* advanced2.json */; };
		5A8383091EAF16A40099D415 /* beginner1.json in Resources */ = {isa = PBXBuildFile; fileRef = 5A8382E11EAF16A40099D415 /* beginner1.json */; };
		5A83830A1EAF16A40099D415 /* beginner2.json in Resources */ = {isa = PBXBuildFile; fileRef = 5A8382E21EAF16A40099D415 /* beginner2.json */; };
		5A83830B1EAF16A40099D415 /* intermediate1.json in Resources */ = {isa = PBXBuildFile; fileRef = 5A8382E31EAF16A40099D415 /* intermediate1.json */; };
		5A83830C1EAF16A40099D415 /* intermediate2.json in Resources */ = {isa = PBXBuildFile; fileRef = 5A8382E41EAF16A40099D415 /* intermediate2.json */; };
		5A83830D1EAF16A40099D415 /* td_allactions.json in Resources */ = {isa = PBXBuildFile; fileRef = 5A8382E51EAF16A40099D415 /* td_allactions.json */; };
		5A83830E1EAF16A40099D415 /* advanced1.json in Resources */ = {isa = PBXBuildFile; fileRef = 5A8382E71EAF16A40099D415 /* advanced1.json */; };
		5A83830F1EAF16A40099D415 /* advanced2.json in Resources */ = {isa = PBXBuildFile; fileRef = 5A8382E81EAF16A40099D415 /* advanced2.json */; };
		5A8383101EAF16A40099D415 /* beginner1.json in Resources */ = {isa = PBXBuildFile; fileRef = 5A8382E91EAF16A40099D415 /* beginner1.json */; };
		5A8383111EAF16A40099D415 /* beginner2.json in Resources */ = {isa = PBXBuildFile; fileRef = 5A8382EA1EAF16A40099D415 /* beginner2.json */; };
		5A8383121EAF16A40099D415 /* intermediate1.json in Resources */ = {isa = PBXBuildFile; fileRef = 5A8382EB1EAF16A40099D415 /* intermediate1.json */; };
		5A8383131EAF16A40099D415 /* intermediate2.json in Resources */ = {isa = PBXBuildFile; fileRef = 5A8382EC1EAF16A40099D415 /* intermediate2.json */; };
		5A8383141EAF16A40099D415 /* advanced1.json in Resources */ = {isa = PBXBuildFile; fileRef = 5A8382EE1EAF16A40099D415 /* advanced1.json */; };
		5A8383151EAF16A40099D415 /* advanced2.json in Resources */ = {isa = PBXBuildFile; fileRef = 5A8382EF1EAF16A40099D415 /* advanced2.json */; };
		5A8383161EAF16A40099D415 /* beginner1.json in Resources */ = {isa = PBXBuildFile; fileRef = 5A8382F01EAF16A40099D415 /* beginner1.json */; };
		5A8383171EAF16A40099D415 /* beginner2.json in Resources */ = {isa = PBXBuildFile; fileRef = 5A8382F11EAF16A40099D415 /* beginner2.json */; };
		5A8383181EAF16A40099D415 /* intermediate1.json in Resources */ = {isa = PBXBuildFile; fileRef = 5A8382F21EAF16A40099D415 /* intermediate1.json */; };
		5A8383191EAF16A40099D415 /* intermediate2.json in Resources */ = {isa = PBXBuildFile; fileRef = 5A8382F31EAF16A40099D415 /* intermediate2.json */; };
		5A83831A1EAF16A40099D415 /* advanced1.json in Resources */ = {isa = PBXBuildFile; fileRef = 5A8382F51EAF16A40099D415 /* advanced1.json */; };
		5A83831B1EAF16A40099D415 /* advanced2.json in Resources */ = {isa = PBXBuildFile; fileRef = 5A8382F61EAF16A40099D415 /* advanced2.json */; };
		5A83831C1EAF16A40099D415 /* beginner1.json in Resources */ = {isa = PBXBuildFile; fileRef = 5A8382F71EAF16A40099D415 /* beginner1.json */; };
		5A83831D1EAF16A40099D415 /* beginner2.json in Resources */ = {isa = PBXBuildFile; fileRef = 5A8382F81EAF16A40099D415 /* beginner2.json */; };
		5A83831E1EAF16A40099D415 /* intermediate1.json in Resources */ = {isa = PBXBuildFile; fileRef = 5A8382F91EAF16A40099D415 /* intermediate1.json */; };
		5A83831F1EAF16A40099D415 /* intermediate2.json in Resources */ = {isa = PBXBuildFile; fileRef = 5A8382FA1EAF16A40099D415 /* intermediate2.json */; };
		5A8383201EAF16A40099D415 /* advanced1.json in Resources */ = {isa = PBXBuildFile; fileRef = 5A8382FC1EAF16A40099D415 /* advanced1.json */; };
		5A8383211EAF16A40099D415 /* advanced2.json in Resources */ = {isa = PBXBuildFile; fileRef = 5A8382FD1EAF16A40099D415 /* advanced2.json */; };
		5A8383221EAF16A40099D415 /* beginner1.json in Resources */ = {isa = PBXBuildFile; fileRef = 5A8382FE1EAF16A40099D415 /* beginner1.json */; };
		5A8383231EAF16A40099D415 /* beginner2.json in Resources */ = {isa = PBXBuildFile; fileRef = 5A8382FF1EAF16A40099D415 /* beginner2.json */; };
		5A8383241EAF16A40099D415 /* intermediate1.json in Resources */ = {isa = PBXBuildFile; fileRef = 5A8383001EAF16A40099D415 /* intermediate1.json */; };
		5A8383251EAF16A40099D415 /* intermediate2.json in Resources */ = {isa = PBXBuildFile; fileRef = 5A8383011EAF16A40099D415 /* intermediate2.json */; };
		5A8383261EAF16A40099D415 /* ding.mp3 in Resources */ = {isa = PBXBuildFile; fileRef = 5A8383031EAF16A40099D415 /* ding.mp3 */; };
		5A8383271EAF16A40099D415 /* td_di.mp3 in Resources */ = {isa = PBXBuildFile; fileRef = 5A8383041EAF16A40099D415 /* td_di.mp3 */; };
		5A8383281EAF16A40099D415 /* whistle.wav in Resources */ = {isa = PBXBuildFile; fileRef = 5A8383051EAF16A40099D415 /* whistle.wav */; };
		5A8383301EAF16CC0099D415 /* InfoPlist.strings in Resources */ = {isa = PBXBuildFile; fileRef = 5A83832A1EAF16CC0099D415 /* InfoPlist.strings */; };
		5A8383311EAF16CC0099D415 /* LaunchScreen.strings in Resources */ = {isa = PBXBuildFile; fileRef = 5A83832C1EAF16CC0099D415 /* LaunchScreen.strings */; };
		5A8383321EAF16CC0099D415 /* Localizable.strings in Resources */ = {isa = PBXBuildFile; fileRef = 5A83832E1EAF16CC0099D415 /* Localizable.strings */; };
		5A8383341EAF21510099D415 /* ActionsHelper.swift in Sources */ = {isa = PBXBuildFile; fileRef = 5A8383331EAF21510099D415 /* ActionsHelper.swift */; };
		5AB447F11EB03CD2004EAD17 /* Info-iOS.plist in Resources */ = {isa = PBXBuildFile; fileRef = 5AB447EB1EB03CD2004EAD17 /* Info-iOS.plist */; };
		5AB447F21EB03CD2004EAD17 /* Info-OSX.plist in Resources */ = {isa = PBXBuildFile; fileRef = 5AB447EC1EB03CD2004EAD17 /* Info-OSX.plist */; };
		5AB447F31EB03CD2004EAD17 /* Info-tvOS.plist in Resources */ = {isa = PBXBuildFile; fileRef = 5AB447ED1EB03CD2004EAD17 /* Info-tvOS.plist */; };
		5AB447F41EB03CD2004EAD17 /* Info-watchOS.plist in Resources */ = {isa = PBXBuildFile; fileRef = 5AB447EE1EB03CD2004EAD17 /* Info-watchOS.plist */; };
		5AB447F51EB03CD2004EAD17 /* SwiftyJSON.swift in Sources */ = {isa = PBXBuildFile; fileRef = 5AB447F01EB03CD2004EAD17 /* SwiftyJSON.swift */; };
/* End PBXBuildFile section */

/* Begin PBXContainerItemProxy section */
		5A397F211EA4A96D00F2DFF3 /* PBXContainerItemProxy */ = {
			isa = PBXContainerItemProxy;
			containerPortal = 5A397F041EA4A96D00F2DFF3 /* Project object */;
			proxyType = 1;
			remoteGlobalIDString = 5A397F0B1EA4A96D00F2DFF3;
			remoteInfo = Text2Speech;
		};
/* End PBXContainerItemProxy section */

/* Begin PBXFileReference section */
		5A120DF71EA9B13700E969BE /* Text2Speech-Bridging-Header.h */ = {isa = PBXFileReference; lastKnownFileType = sourcecode.c.h; path = "Text2Speech-Bridging-Header.h"; sourceTree = "<group>"; };
		5A314EA21EA70F2F00556121 /* FlowItem.swift */ = {isa = PBXFileReference; fileEncoding = 4; lastKnownFileType = sourcecode.swift; path = FlowItem.swift; sourceTree = "<group>"; };
		5A314EA41EA731A200556121 /* TTSpeechFlowManager.swift */ = {isa = PBXFileReference; fileEncoding = 4; lastKnownFileType = sourcecode.swift; path = TTSpeechFlowManager.swift; sourceTree = "<group>"; };
		5A3375481EB0C19B00EF025A /* ActionsManager.swift */ = {isa = PBXFileReference; fileEncoding = 4; lastKnownFileType = sourcecode.swift; path = ActionsManager.swift; sourceTree = "<group>"; };
		5A397F0C1EA4A96D00F2DFF3 /* Text2Speech.app */ = {isa = PBXFileReference; explicitFileType = wrapper.application; includeInIndex = 0; path = Text2Speech.app; sourceTree = BUILT_PRODUCTS_DIR; };
		5A397F0F1EA4A96D00F2DFF3 /* AppDelegate.swift */ = {isa = PBXFileReference; lastKnownFileType = sourcecode.swift; path = AppDelegate.swift; sourceTree = "<group>"; };
		5A397F111EA4A96D00F2DFF3 /* ViewController.swift */ = {isa = PBXFileReference; lastKnownFileType = sourcecode.swift; path = ViewController.swift; sourceTree = "<group>"; };
		5A397F161EA4A96D00F2DFF3 /* Assets.xcassets */ = {isa = PBXFileReference; lastKnownFileType = folder.assetcatalog; path = Assets.xcassets; sourceTree = "<group>"; };
		5A397F1B1EA4A96D00F2DFF3 /* Info.plist */ = {isa = PBXFileReference; lastKnownFileType = text.plist.xml; path = Info.plist; sourceTree = "<group>"; };
		5A397F201EA4A96D00F2DFF3 /* Text2SpeechTests.xctest */ = {isa = PBXFileReference; explicitFileType = wrapper.cfbundle; includeInIndex = 0; path = Text2SpeechTests.xctest; sourceTree = BUILT_PRODUCTS_DIR; };
		5A397F241EA4A96D00F2DFF3 /* Text2SpeechTests.swift */ = {isa = PBXFileReference; lastKnownFileType = sourcecode.swift; path = Text2SpeechTests.swift; sourceTree = "<group>"; };
		5A397F261EA4A96D00F2DFF3 /* Info.plist */ = {isa = PBXFileReference; lastKnownFileType = text.plist.xml; path = Info.plist; sourceTree = "<group>"; };
		5A397F2F1EA4AAFD00F2DFF3 /* Language.plist */ = {isa = PBXFileReference; fileEncoding = 4; lastKnownFileType = text.plist.xml; path = Language.plist; sourceTree = "<group>"; };
		5A397F311EA4B62C00F2DFF3 /* BackGroundMusic.mp3 */ = {isa = PBXFileReference; lastKnownFileType = audio.mp3; path = BackGroundMusic.mp3; sourceTree = "<group>"; };
		5A397F491EA4D4DE00F2DFF3 /* Sports.plist */ = {isa = PBXFileReference; fileEncoding = 4; lastKnownFileType = text.plist.xml; path = Sports.plist; sourceTree = "<group>"; };
		5A397F4B1EA4DCBF00F2DFF3 /* main.strings */ = {isa = PBXFileReference; fileEncoding = 4; lastKnownFileType = text.plist.strings; path = main.strings; sourceTree = "<group>"; };
		5A3B5A841EA5B518006294E9 /* TTSpeechManager.swift */ = {isa = PBXFileReference; fileEncoding = 4; lastKnownFileType = sourcecode.swift; path = TTSpeechManager.swift; sourceTree = "<group>"; };
		5A3B5A881EA5E7B3006294E9 /* MonitorViewController.swift */ = {isa = PBXFileReference; fileEncoding = 4; lastKnownFileType = sourcecode.swift; path = MonitorViewController.swift; sourceTree = "<group>"; };
		5A3B5A931EA5F27B006294E9 /* Main.storyboard */ = {isa = PBXFileReference; fileEncoding = 4; lastKnownFileType = file.storyboard; path = Main.storyboard; sourceTree = "<group>"; };
		5A3B5A951EA5FBED006294E9 /* InternationalViewController.swift */ = {isa = PBXFileReference; fileEncoding = 4; lastKnownFileType = sourcecode.swift; path = InternationalViewController.swift; sourceTree = "<group>"; };
		5A3B5A991EA611E7006294E9 /* NBAudioBot.swift */ = {isa = PBXFileReference; fileEncoding = 4; lastKnownFileType = sourcecode.swift; path = NBAudioBot.swift; sourceTree = "<group>"; };
		5A3B5A9B1EA61D39006294E9 /* MixAudioAndSpeechViewController.swift */ = {isa = PBXFileReference; fileEncoding = 4; lastKnownFileType = sourcecode.swift; path = MixAudioAndSpeechViewController.swift; sourceTree = "<group>"; };
		5A3B5A9F1EA62370006294E9 /* SpeechFlowViewController.swift */ = {isa = PBXFileReference; fileEncoding = 4; lastKnownFileType = sourcecode.swift; path = SpeechFlowViewController.swift; sourceTree = "<group>"; };
		5A3B5AA11EA6291A006294E9 /* SpeechItem.swift */ = {isa = PBXFileReference; fileEncoding = 4; lastKnownFileType = sourcecode.swift; path = SpeechItem.swift; sourceTree = "<group>"; };
		5A41E23C1EB1DAAB00BEE891 /* ActionData.swift */ = {isa = PBXFileReference; fileEncoding = 4; lastKnownFileType = sourcecode.swift; path = ActionData.swift; sourceTree = "<group>"; };
		5A41E23E1EB33FE100BEE891 /* PauseableTimer.swift */ = {isa = PBXFileReference; fileEncoding = 4; lastKnownFileType = sourcecode.swift; path = PauseableTimer.swift; sourceTree = "<group>"; };
		5A71F6771EAEF8D20011F02E /* UinitBySecondViewController.swift */ = {isa = PBXFileReference; fileEncoding = 4; lastKnownFileType = sourcecode.swift; path = UinitBySecondViewController.swift; sourceTree = "<group>"; };
		5A71F6791EAF006D0011F02E /* ItemsGenerator.swift */ = {isa = PBXFileReference; fileEncoding = 4; lastKnownFileType = sourcecode.swift; path = ItemsGenerator.swift; sourceTree = "<group>"; };
		5A8382DC1EAF16A40099D415 /* intro.xml */ = {isa = PBXFileReference; fileEncoding = 4; lastKnownFileType = text.xml; path = intro.xml; sourceTree = "<group>"; };
		5A8382DF1EAF16A40099D415 /* advanced1.json */ = {isa = PBXFileReference; fileEncoding = 4; lastKnownFileType = text.json; path = advanced1.json; sourceTree = "<group>"; };
		5A8382E01EAF16A40099D415 /* advanced2.json */ = {isa = PBXFileReference; fileEncoding = 4; lastKnownFileType = text.json; path = advanced2.json; sourceTree = "<group>"; };
		5A8382E11EAF16A40099D415 /* beginner1.json */ = {isa = PBXFileReference; fileEncoding = 4; lastKnownFileType = text.json; path = beginner1.json; sourceTree = "<group>"; };
		5A8382E21EAF16A40099D415 /* beginner2.json */ = {isa = PBXFileReference; fileEncoding = 4; lastKnownFileType = text.json; path = beginner2.json; sourceTree = "<group>"; };
		5A8382E31EAF16A40099D415 /* intermediate1.json */ = {isa = PBXFileReference; fileEncoding = 4; lastKnownFileType = text.json; path = intermediate1.json; sourceTree = "<group>"; };
		5A8382E41EAF16A40099D415 /* intermediate2.json */ = {isa = PBXFileReference; fileEncoding = 4; lastKnownFileType = text.json; path = intermediate2.json; sourceTree = "<group>"; };
		5A8382E51EAF16A40099D415 /* td_allactions.json */ = {isa = PBXFileReference; fileEncoding = 4; lastKnownFileType = text.json; path = td_allactions.json; sourceTree = "<group>"; };
		5A8382E71EAF16A40099D415 /* advanced1.json */ = {isa = PBXFileReference; fileEncoding = 4; lastKnownFileType = text.json; path = advanced1.json; sourceTree = "<group>"; };
		5A8382E81EAF16A40099D415 /* advanced2.json */ = {isa = PBXFileReference; fileEncoding = 4; lastKnownFileType = text.json; path = advanced2.json; sourceTree = "<group>"; };
		5A8382E91EAF16A40099D415 /* beginner1.json */ = {isa = PBXFileReference; fileEncoding = 4; lastKnownFileType = text.json; path = beginner1.json; sourceTree = "<group>"; };
		5A8382EA1EAF16A40099D415 /* beginner2.json */ = {isa = PBXFileReference; fileEncoding = 4; lastKnownFileType = text.json; path = beginner2.json; sourceTree = "<group>"; };
		5A8382EB1EAF16A40099D415 /* intermediate1.json */ = {isa = PBXFileReference; fileEncoding = 4; lastKnownFileType = text.json; path = intermediate1.json; sourceTree = "<group>"; };
		5A8382EC1EAF16A40099D415 /* intermediate2.json */ = {isa = PBXFileReference; fileEncoding = 4; lastKnownFileType = text.json; path = intermediate2.json; sourceTree = "<group>"; };
		5A8382EE1EAF16A40099D415 /* advanced1.json */ = {isa = PBXFileReference; fileEncoding = 4; lastKnownFileType = text.json; path = advanced1.json; sourceTree = "<group>"; };
		5A8382EF1EAF16A40099D415 /* advanced2.json */ = {isa = PBXFileReference; fileEncoding = 4; lastKnownFileType = text.json; path = advanced2.json; sourceTree = "<group>"; };
		5A8382F01EAF16A40099D415 /* beginner1.json */ = {isa = PBXFileReference; fileEncoding = 4; lastKnownFileType = text.json; path = beginner1.json; sourceTree = "<group>"; };
		5A8382F11EAF16A40099D415 /* beginner2.json */ = {isa = PBXFileReference; fileEncoding = 4; lastKnownFileType = text.json; path = beginner2.json; sourceTree = "<group>"; };
		5A8382F21EAF16A40099D415 /* intermediate1.json */ = {isa = PBXFileReference; fileEncoding = 4; lastKnownFileType = text.json; path = intermediate1.json; sourceTree = "<group>"; };
		5A8382F31EAF16A40099D415 /* intermediate2.json */ = {isa = PBXFileReference; fileEncoding = 4; lastKnownFileType = text.json; path = intermediate2.json; sourceTree = "<group>"; };
		5A8382F51EAF16A40099D415 /* advanced1.json */ = {isa = PBXFileReference; fileEncoding = 4; lastKnownFileType = text.json; path = advanced1.json; sourceTree = "<group>"; };
		5A8382F61EAF16A40099D415 /* advanced2.json */ = {isa = PBXFileReference; fileEncoding = 4; lastKnownFileType = text.json; path = advanced2.json; sourceTree = "<group>"; };
		5A8382F71EAF16A40099D415 /* beginner1.json */ = {isa = PBXFileReference; fileEncoding = 4; lastKnownFileType = text.json; path = beginner1.json; sourceTree = "<group>"; };
		5A8382F81EAF16A40099D415 /* beginner2.json */ = {isa = PBXFileReference; fileEncoding = 4; lastKnownFileType = text.json; path = beginner2.json; sourceTree = "<group>"; };
		5A8382F91EAF16A40099D415 /* intermediate1.json */ = {isa = PBXFileReference; fileEncoding = 4; lastKnownFileType = text.json; path = intermediate1.json; sourceTree = "<group>"; };
		5A8382FA1EAF16A40099D415 /* intermediate2.json */ = {isa = PBXFileReference; fileEncoding = 4; lastKnownFileType = text.json; path = intermediate2.json; sourceTree = "<group>"; };
		5A8382FC1EAF16A40099D415 /* advanced1.json */ = {isa = PBXFileReference; fileEncoding = 4; lastKnownFileType = text.json; path = advanced1.json; sourceTree = "<group>"; };
		5A8382FD1EAF16A40099D415 /* advanced2.json */ = {isa = PBXFileReference; fileEncoding = 4; lastKnownFileType = text.json; path = advanced2.json; sourceTree = "<group>"; };
		5A8382FE1EAF16A40099D415 /* beginner1.json */ = {isa = PBXFileReference; fileEncoding = 4; lastKnownFileType = text.json; path = beginner1.json; sourceTree = "<group>"; };
		5A8382FF1EAF16A40099D415 /* beginner2.json */ = {isa = PBXFileReference; fileEncoding = 4; lastKnownFileType = text.json; path = beginner2.json; sourceTree = "<group>"; };
		5A8383001EAF16A40099D415 /* intermediate1.json */ = {isa = PBXFileReference; fileEncoding = 4; lastKnownFileType = text.json; path = intermediate1.json; sourceTree = "<group>"; };
		5A8383011EAF16A40099D415 /* intermediate2.json */ = {isa = PBXFileReference; fileEncoding = 4; lastKnownFileType = text.json; path = intermediate2.json; sourceTree = "<group>"; };
		5A8383031EAF16A40099D415 /* ding.mp3 */ = {isa = PBXFileReference; lastKnownFileType = audio.mp3; path = ding.mp3; sourceTree = "<group>"; };
		5A8383041EAF16A40099D415 /* td_di.mp3 */ = {isa = PBXFileReference; lastKnownFileType = audio.mp3; path = td_di.mp3; sourceTree = "<group>"; };
		5A8383051EAF16A40099D415 /* whistle.wav */ = {isa = PBXFileReference; lastKnownFileType = audio.wav; path = whistle.wav; sourceTree = "<group>"; };
		5A83832B1EAF16CC0099D415 /* zh-Hans */ = {isa = PBXFileReference; lastKnownFileType = text.plist.strings; name = "zh-Hans"; path = InfoPlist.strings; sourceTree = "<group>"; };
		5A83832D1EAF16CC0099D415 /* zh-Hans */ = {isa = PBXFileReference; lastKnownFileType = text.plist.strings; name = "zh-Hans"; path = LaunchScreen.strings; sourceTree = "<group>"; };
		5A83832F1EAF16CC0099D415 /* zh-Hans */ = {isa = PBXFileReference; lastKnownFileType = text.plist.strings; name = "zh-Hans"; path = Localizable.strings; sourceTree = "<group>"; };
		5A8383331EAF21510099D415 /* ActionsHelper.swift */ = {isa = PBXFileReference; fileEncoding = 4; lastKnownFileType = sourcecode.swift; path = ActionsHelper.swift; sourceTree = "<group>"; };
		5AB447EB1EB03CD2004EAD17 /* Info-iOS.plist */ = {isa = PBXFileReference; fileEncoding = 4; lastKnownFileType = text.plist.xml; path = "Info-iOS.plist"; sourceTree = "<group>"; };
		5AB447EC1EB03CD2004EAD17 /* Info-OSX.plist */ = {isa = PBXFileReference; fileEncoding = 4; lastKnownFileType = text.plist.xml; path = "Info-OSX.plist"; sourceTree = "<group>"; };
		5AB447ED1EB03CD2004EAD17 /* Info-tvOS.plist */ = {isa = PBXFileReference; fileEncoding = 4; lastKnownFileType = text.plist.xml; path = "Info-tvOS.plist"; sourceTree = "<group>"; };
		5AB447EE1EB03CD2004EAD17 /* Info-watchOS.plist */ = {isa = PBXFileReference; fileEncoding = 4; lastKnownFileType = text.plist.xml; path = "Info-watchOS.plist"; sourceTree = "<group>"; };
		5AB447EF1EB03CD2004EAD17 /* SwiftyJSON.h */ = {isa = PBXFileReference; fileEncoding = 4; lastKnownFileType = sourcecode.c.h; path = SwiftyJSON.h; sourceTree = "<group>"; };
		5AB447F01EB03CD2004EAD17 /* SwiftyJSON.swift */ = {isa = PBXFileReference; fileEncoding = 4; lastKnownFileType = sourcecode.swift; path = SwiftyJSON.swift; sourceTree = "<group>"; };
/* End PBXFileReference section */

/* Begin PBXFrameworksBuildPhase section */
		5A397F091EA4A96D00F2DFF3 /* Frameworks */ = {
			isa = PBXFrameworksBuildPhase;
			buildActionMask = 2147483647;
			files = (
			);
			runOnlyForDeploymentPostprocessing = 0;
		};
		5A397F1D1EA4A96D00F2DFF3 /* Frameworks */ = {
			isa = PBXFrameworksBuildPhase;
			buildActionMask = 2147483647;
			files = (
			);
			runOnlyForDeploymentPostprocessing = 0;
		};
/* End PBXFrameworksBuildPhase section */

/* Begin PBXGroup section */
		5A397F031EA4A96D00F2DFF3 = {
			isa = PBXGroup;
			children = (
				5A397F0E1EA4A96D00F2DFF3 /* Text2Speech */,
				5A397F231EA4A96D00F2DFF3 /* Text2SpeechTests */,
				5A397F0D1EA4A96D00F2DFF3 /* Products */,
			);
			sourceTree = "<group>";
		};
		5A397F0D1EA4A96D00F2DFF3 /* Products */ = {
			isa = PBXGroup;
			children = (
				5A397F0C1EA4A96D00F2DFF3 /* Text2Speech.app */,
				5A397F201EA4A96D00F2DFF3 /* Text2SpeechTests.xctest */,
			);
			name = Products;
			sourceTree = "<group>";
		};
		5A397F0E1EA4A96D00F2DFF3 /* Text2Speech */ = {
			isa = PBXGroup;
			children = (
				5A397F0F1EA4A96D00F2DFF3 /* AppDelegate.swift */,
				5A3B5AA11EA6291A006294E9 /* SpeechItem.swift */,
				5A397F111EA4A96D00F2DFF3 /* ViewController.swift */,
				5A3B5A951EA5FBED006294E9 /* InternationalViewController.swift */,
				5A3B5A881EA5E7B3006294E9 /* MonitorViewController.swift */,
				5A3B5A9F1EA62370006294E9 /* SpeechFlowViewController.swift */,
				5A3B5A9B1EA61D39006294E9 /* MixAudioAndSpeechViewController.swift */,
				5A71F6771EAEF8D20011F02E /* UinitBySecondViewController.swift */,
				5AB447E91EB03CB7004EAD17 /* Vender */,
				5A397F161EA4A96D00F2DFF3 /* Assets.xcassets */,
				5A397F1B1EA4A96D00F2DFF3 /* Info.plist */,
				5A120DF71EA9B13700E969BE /* Text2Speech-Bridging-Header.h */,
				5A42E3081EA88917008C693E /* TTSpeechSyntheKit */,
				5A42E3091EA88955008C693E /* Resource */,
				5A3B5A931EA5F27B006294E9 /* Main.storyboard */,
			);
			path = Text2Speech;
			sourceTree = "<group>";
		};
		5A397F231EA4A96D00F2DFF3 /* Text2SpeechTests */ = {
			isa = PBXGroup;
			children = (
				5A397F241EA4A96D00F2DFF3 /* Text2SpeechTests.swift */,
				5A397F261EA4A96D00F2DFF3 /* Info.plist */,
			);
			path = Text2SpeechTests;
			sourceTree = "<group>";
		};
		5A42E3081EA88917008C693E /* TTSpeechSyntheKit */ = {
			isa = PBXGroup;
			children = (
				5A41E23E1EB33FE100BEE891 /* PauseableTimer.swift */,
				5A314EA21EA70F2F00556121 /* FlowItem.swift */,
				5A41E23C1EB1DAAB00BEE891 /* ActionData.swift */,
				5A71F6791EAF006D0011F02E /* ItemsGenerator.swift */,
				5A8383331EAF21510099D415 /* ActionsHelper.swift */,
				5A3375481EB0C19B00EF025A /* ActionsManager.swift */,
				5A314EA41EA731A200556121 /* TTSpeechFlowManager.swift */,
				5A3B5A841EA5B518006294E9 /* TTSpeechManager.swift */,
				5A3B5A991EA611E7006294E9 /* NBAudioBot.swift */,
			);
			name = TTSpeechSyntheKit;
			sourceTree = "<group>";
		};
		5A42E3091EA88955008C693E /* Resource */ = {
			isa = PBXGroup;
			children = (
				5A8383291EAF16CC0099D415 /* zh-Hans.lproj */,
				5A8382DB1EAF16A40099D415 /* res */,
				5A397F311EA4B62C00F2DFF3 /* BackGroundMusic.mp3 */,
				5A397F491EA4D4DE00F2DFF3 /* Sports.plist */,
				5A397F4B1EA4DCBF00F2DFF3 /* main.strings */,
				5A397F2F1EA4AAFD00F2DFF3 /* Language.plist */,
			);
			name = Resource;
			sourceTree = "<group>";
		};
		5A8382DB1EAF16A40099D415 /* res */ = {
			isa = PBXGroup;
			children = (
				5A8382DC1EAF16A40099D415 /* intro.xml */,
				5A8382DD1EAF16A40099D415 /* json */,
				5A8383021EAF16A40099D415 /* sound */,
			);
			path = res;
			sourceTree = "<group>";
		};
		5A8382DD1EAF16A40099D415 /* json */ = {
			isa = PBXGroup;
			children = (
				5A8382DE1EAF16A40099D415 /* td_abs */,
				5A8382E51EAF16A40099D415 /* td_allactions.json */,
				5A8382E61EAF16A40099D415 /* td_arm */,
				5A8382ED1EAF16A40099D415 /* td_body */,
				5A8382F41EAF16A40099D415 /* td_butt */,
				5A8382FB1EAF16A40099D415 /* td_leg */,
			);
			path = json;
			sourceTree = "<group>";
		};
		5A8382DE1EAF16A40099D415 /* td_abs */ = {
			isa = PBXGroup;
			children = (
				5A8382DF1EAF16A40099D415 /* advanced1.json */,
				5A8382E01EAF16A40099D415 /* advanced2.json */,
				5A8382E11EAF16A40099D415 /* beginner1.json */,
				5A8382E21EAF16A40099D415 /* beginner2.json */,
				5A8382E31EAF16A40099D415 /* intermediate1.json */,
				5A8382E41EAF16A40099D415 /* intermediate2.json */,
			);
			path = td_abs;
			sourceTree = "<group>";
		};
		5A8382E61EAF16A40099D415 /* td_arm */ = {
			isa = PBXGroup;
			children = (
				5A8382E71EAF16A40099D415 /* advanced1.json */,
				5A8382E81EAF16A40099D415 /* advanced2.json */,
				5A8382E91EAF16A40099D415 /* beginner1.json */,
				5A8382EA1EAF16A40099D415 /* beginner2.json */,
				5A8382EB1EAF16A40099D415 /* intermediate1.json */,
				5A8382EC1EAF16A40099D415 /* intermediate2.json */,
			);
			path = td_arm;
			sourceTree = "<group>";
		};
		5A8382ED1EAF16A40099D415 /* td_body */ = {
			isa = PBXGroup;
			children = (
				5A8382EE1EAF16A40099D415 /* advanced1.json */,
				5A8382EF1EAF16A40099D415 /* advanced2.json */,
				5A8382F01EAF16A40099D415 /* beginner1.json */,
				5A8382F11EAF16A40099D415 /* beginner2.json */,
				5A8382F21EAF16A40099D415 /* intermediate1.json */,
				5A8382F31EAF16A40099D415 /* intermediate2.json */,
			);
			path = td_body;
			sourceTree = "<group>";
		};
		5A8382F41EAF16A40099D415 /* td_butt */ = {
			isa = PBXGroup;
			children = (
				5A8382F51EAF16A40099D415 /* advanced1.json */,
				5A8382F61EAF16A40099D415 /* advanced2.json */,
				5A8382F71EAF16A40099D415 /* beginner1.json */,
				5A8382F81EAF16A40099D415 /* beginner2.json */,
				5A8382F91EAF16A40099D415 /* intermediate1.json */,
				5A8382FA1EAF16A40099D415 /* intermediate2.json */,
			);
			path = td_butt;
			sourceTree = "<group>";
		};
		5A8382FB1EAF16A40099D415 /* td_leg */ = {
			isa = PBXGroup;
			children = (
				5A8382FC1EAF16A40099D415 /* advanced1.json */,
				5A8382FD1EAF16A40099D415 /* advanced2.json */,
				5A8382FE1EAF16A40099D415 /* beginner1.json */,
				5A8382FF1EAF16A40099D415 /* beginner2.json */,
				5A8383001EAF16A40099D415 /* intermediate1.json */,
				5A8383011EAF16A40099D415 /* intermediate2.json */,
			);
			path = td_leg;
			sourceTree = "<group>";
		};
		5A8383021EAF16A40099D415 /* sound */ = {
			isa = PBXGroup;
			children = (
				5A8383031EAF16A40099D415 /* ding.mp3 */,
				5A8383041EAF16A40099D415 /* td_di.mp3 */,
				5A8383051EAF16A40099D415 /* whistle.wav */,
			);
			path = sound;
			sourceTree = "<group>";
		};
		5A8383291EAF16CC0099D415 /* zh-Hans.lproj */ = {
			isa = PBXGroup;
			children = (
				5A83832A1EAF16CC0099D415 /* InfoPlist.strings */,
				5A83832C1EAF16CC0099D415 /* LaunchScreen.strings */,
				5A83832E1EAF16CC0099D415 /* Localizable.strings */,
			);
			path = "zh-Hans.lproj";
			sourceTree = "<group>";
		};
		5AB447E91EB03CB7004EAD17 /* Vender */ = {
			isa = PBXGroup;
			children = (
				5AB447EA1EB03CD2004EAD17 /* SwiftyJSON */,
			);
			name = Vender;
			sourceTree = "<group>";
		};
		5AB447EA1EB03CD2004EAD17 /* SwiftyJSON */ = {
			isa = PBXGroup;
			children = (
				5AB447EB1EB03CD2004EAD17 /* Info-iOS.plist */,
				5AB447EC1EB03CD2004EAD17 /* Info-OSX.plist */,
				5AB447ED1EB03CD2004EAD17 /* Info-tvOS.plist */,
				5AB447EE1EB03CD2004EAD17 /* Info-watchOS.plist */,
				5AB447EF1EB03CD2004EAD17 /* SwiftyJSON.h */,
				5AB447F01EB03CD2004EAD17 /* SwiftyJSON.swift */,
			);
			path = SwiftyJSON;
			sourceTree = "<group>";
		};
/* End PBXGroup section */

/* Begin PBXNativeTarget section */
		5A397F0B1EA4A96D00F2DFF3 /* Text2Speech */ = {
			isa = PBXNativeTarget;
			buildConfigurationList = 5A397F291EA4A96D00F2DFF3 /* Build configuration list for PBXNativeTarget "Text2Speech" */;
			buildPhases = (
				5A397F081EA4A96D00F2DFF3 /* Sources */,
				5A397F091EA4A96D00F2DFF3 /* Frameworks */,
				5A397F0A1EA4A96D00F2DFF3 /* Resources */,
			);
			buildRules = (
			);
			dependencies = (
			);
			name = Text2Speech;
			productName = Text2Speech;
			productReference = 5A397F0C1EA4A96D00F2DFF3 /* Text2Speech.app */;
			productType = "com.apple.product-type.application";
		};
		5A397F1F1EA4A96D00F2DFF3 /* Text2SpeechTests */ = {
			isa = PBXNativeTarget;
			buildConfigurationList = 5A397F2C1EA4A96D00F2DFF3 /* Build configuration list for PBXNativeTarget "Text2SpeechTests" */;
			buildPhases = (
				5A397F1C1EA4A96D00F2DFF3 /* Sources */,
				5A397F1D1EA4A96D00F2DFF3 /* Frameworks */,
				5A397F1E1EA4A96D00F2DFF3 /* Resources */,
			);
			buildRules = (
			);
			dependencies = (
				5A397F221EA4A96D00F2DFF3 /* PBXTargetDependency */,
			);
			name = Text2SpeechTests;
			productName = Text2SpeechTests;
			productReference = 5A397F201EA4A96D00F2DFF3 /* Text2SpeechTests.xctest */;
			productType = "com.apple.product-type.bundle.unit-test";
		};
/* End PBXNativeTarget section */

/* Begin PBXProject section */
		5A397F041EA4A96D00F2DFF3 /* Project object */ = {
			isa = PBXProject;
			attributes = {
				LastSwiftUpdateCheck = 0830;
				LastUpgradeCheck = 0830;
				ORGANIZATIONNAME = "NewBornTown, Inc.";
				TargetAttributes = {
					5A397F0B1EA4A96D00F2DFF3 = {
						CreatedOnToolsVersion = 8.3.1;
						DevelopmentTeam = VM5KQQWR83;
						LastSwiftMigration = 0830;
						ProvisioningStyle = Automatic;
					};
					5A397F1F1EA4A96D00F2DFF3 = {
						CreatedOnToolsVersion = 8.3.1;
						ProvisioningStyle = Automatic;
						TestTargetID = 5A397F0B1EA4A96D00F2DFF3;
					};
				};
			};
			buildConfigurationList = 5A397F071EA4A96D00F2DFF3 /* Build configuration list for PBXProject "Text2Speech" */;
			compatibilityVersion = "Xcode 3.2";
			developmentRegion = English;
			hasScannedForEncodings = 0;
			knownRegions = (
				en,
				"zh-Hans",
			);
			mainGroup = 5A397F031EA4A96D00F2DFF3;
			productRefGroup = 5A397F0D1EA4A96D00F2DFF3 /* Products */;
			projectDirPath = "";
			projectRoot = "";
			targets = (
				5A397F0B1EA4A96D00F2DFF3 /* Text2Speech */,
				5A397F1F1EA4A96D00F2DFF3 /* Text2SpeechTests */,
			);
		};
/* End PBXProject section */

/* Begin PBXResourcesBuildPhase section */
		5A397F0A1EA4A96D00F2DFF3 /* Resources */ = {
			isa = PBXResourcesBuildPhase;
			buildActionMask = 2147483647;
			files = (
				5A8383151EAF16A40099D415 /* advanced2.json in Resources */,
				5AB447F21EB03CD2004EAD17 /* Info-OSX.plist in Resources */,
				5A8383301EAF16CC0099D415 /* InfoPlist.strings in Resources */,
				5A83831C1EAF16A40099D415 /* beginner1.json in Resources */,
				5A8383121EAF16A40099D415 /* intermediate1.json in Resources */,
				5A83831B1EAF16A40099D415 /* advanced2.json in Resources */,
				5A8383111EAF16A40099D415 /* beginner2.json in Resources */,
				5A8383201EAF16A40099D415 /* advanced1.json in Resources */,
				5A8383211EAF16A40099D415 /* advanced2.json in Resources */,
				5A83831E1EAF16A40099D415 /* intermediate1.json in Resources */,
				5A8383081EAF16A40099D415 /* advanced2.json in Resources */,
				5AB447F31EB03CD2004EAD17 /* Info-tvOS.plist in Resources */,
				5A83831F1EAF16A40099D415 /* intermediate2.json in Resources */,
				5A83830D1EAF16A40099D415 /* td_allactions.json in Resources */,
				5A8383271EAF16A40099D415 /* td_di.mp3 in Resources */,
				5A8383321EAF16CC0099D415 /* Localizable.strings in Resources */,
				5A83830A1EAF16A40099D415 /* beginner2.json in Resources */,
				5A8383311EAF16CC0099D415 /* LaunchScreen.strings in Resources */,
				5A397F301EA4AAFD00F2DFF3 /* Language.plist in Resources */,
				5A8383061EAF16A40099D415 /* intro.xml in Resources */,
				5A83831A1EAF16A40099D415 /* advanced1.json in Resources */,
				5A8383101EAF16A40099D415 /* beginner1.json in Resources */,
				5A83831D1EAF16A40099D415 /* beginner2.json in Resources */,
				5A8383141EAF16A40099D415 /* advanced1.json in Resources */,
				5A8383231EAF16A40099D415 /* beginner2.json in Resources */,
				5A8383281EAF16A40099D415 /* whistle.wav in Resources */,
				5A8383181EAF16A40099D415 /* intermediate1.json in Resources */,
				5A8383161EAF16A40099D415 /* beginner1.json in Resources */,
				5A397F4C1EA4DCBF00F2DFF3 /* main.strings in Resources */,
				5A8383241EAF16A40099D415 /* intermediate1.json in Resources */,
				5AB447F41EB03CD2004EAD17 /* Info-watchOS.plist in Resources */,
				5A8383261EAF16A40099D415 /* ding.mp3 in Resources */,
				5A3B5A941EA5F27B006294E9 /* Main.storyboard in Resources */,
				5A8383221EAF16A40099D415 /* beginner1.json in Resources */,
				5A8383251EAF16A40099D415 /* intermediate2.json in Resources */,
				5A397F4A1EA4D4DE00F2DFF3 /* Sports.plist in Resources */,
				5A83830E1EAF16A40099D415 /* advanced1.json in Resources */,
				5A8383071EAF16A40099D415 /* advanced1.json in Resources */,
				5A8383091EAF16A40099D415 /* beginner1.json in Resources */,
				5A397F171EA4A96D00F2DFF3 /* Assets.xcassets in Resources */,
				5A8383171EAF16A40099D415 /* beginner2.json in Resources */,
				5A8383131EAF16A40099D415 /* intermediate2.json in Resources */,
				5A83830B1EAF16A40099D415 /* intermediate1.json in Resources */,
				5A397F321EA4B62C00F2DFF3 /* BackGroundMusic.mp3 in Resources */,
				5A83830F1EAF16A40099D415 /* advanced2.json in Resources */,
				5AB447F11EB03CD2004EAD17 /* Info-iOS.plist in Resources */,
				5A83830C1EAF16A40099D415 /* intermediate2.json in Resources */,
				5A8383191EAF16A40099D415 /* intermediate2.json in Resources */,
			);
			runOnlyForDeploymentPostprocessing = 0;
		};
		5A397F1E1EA4A96D00F2DFF3 /* Resources */ = {
			isa = PBXResourcesBuildPhase;
			buildActionMask = 2147483647;
			files = (
			);
			runOnlyForDeploymentPostprocessing = 0;
		};
/* End PBXResourcesBuildPhase section */

/* Begin PBXSourcesBuildPhase section */
		5A397F081EA4A96D00F2DFF3 /* Sources */ = {
			isa = PBXSourcesBuildPhase;
			buildActionMask = 2147483647;
			files = (
				5A314EA31EA70F2F00556121 /* FlowItem.swift in Sources */,
				5A3B5AA01EA62370006294E9 /* SpeechFlowViewController.swift in Sources */,
				5A397F121EA4A96D00F2DFF3 /* ViewController.swift in Sources */,
				5AB447F51EB03CD2004EAD17 /* SwiftyJSON.swift in Sources */,
				5A3B5AA21EA6291A006294E9 /* SpeechItem.swift in Sources */,
				5A3B5A961EA5FBED006294E9 /* InternationalViewController.swift in Sources */,
				5A41E23D1EB1DAAB00BEE891 /* ActionData.swift in Sources */,
				5A71F6781EAEF8D20011F02E /* UinitBySecondViewController.swift in Sources */,
				5A397F101EA4A96D00F2DFF3 /* AppDelegate.swift in Sources */,
				5A3B5A851EA5B518006294E9 /* TTSpeechManager.swift in Sources */,
				5A3B5A891EA5E7B3006294E9 /* MonitorViewController.swift in Sources */,
				5A3B5A9C1EA61D39006294E9 /* MixAudioAndSpeechViewController.swift in Sources */,
				5A41E23F1EB33FE100BEE891 /* PauseableTimer.swift in Sources */,
				5A3375491EB0C19B00EF025A /* ActionsManager.swift in Sources */,
				5A3B5A9A1EA611E7006294E9 /* NBAudioBot.swift in Sources */,
				5A8383341EAF21510099D415 /* ActionsHelper.swift in Sources */,
				5A314EA51EA731A200556121 /* TTSpeechFlowManager.swift in Sources */,
				5A71F67A1EAF006D0011F02E /* ItemsGenerator.swift in Sources */,
			);
			runOnlyForDeploymentPostprocessing = 0;
		};
		5A397F1C1EA4A96D00F2DFF3 /* Sources */ = {
			isa = PBXSourcesBuildPhase;
			buildActionMask = 2147483647;
			files = (
				5A397F251EA4A96D00F2DFF3 /* Text2SpeechTests.swift in Sources */,
			);
			runOnlyForDeploymentPostprocessing = 0;
		};
/* End PBXSourcesBuildPhase section */

/* Begin PBXTargetDependency section */
		5A397F221EA4A96D00F2DFF3 /* PBXTargetDependency */ = {
			isa = PBXTargetDependency;
			target = 5A397F0B1EA4A96D00F2DFF3 /* Text2Speech */;
			targetProxy = 5A397F211EA4A96D00F2DFF3 /* PBXContainerItemProxy */;
		};
/* End PBXTargetDependency section */

/* Begin PBXVariantGroup section */
		5A83832A1EAF16CC0099D415 /* InfoPlist.strings */ = {
			isa = PBXVariantGroup;
			children = (
				5A83832B1EAF16CC0099D415 /* zh-Hans */,
			);
			name = InfoPlist.strings;
			sourceTree = "<group>";
		};
		5A83832C1EAF16CC0099D415 /* LaunchScreen.strings */ = {
			isa = PBXVariantGroup;
			children = (
				5A83832D1EAF16CC0099D415 /* zh-Hans */,
			);
			name = LaunchScreen.strings;
			sourceTree = "<group>";
		};
		5A83832E1EAF16CC0099D415 /* Localizable.strings */ = {
			isa = PBXVariantGroup;
			children = (
				5A83832F1EAF16CC0099D415 /* zh-Hans */,
			);
			name = Localizable.strings;
			sourceTree = "<group>";
		};
/* End PBXVariantGroup section */

/* Begin XCBuildConfiguration section */
		5A397F271EA4A96D00F2DFF3 /* Debug */ = {
			isa = XCBuildConfiguration;
			buildSettings = {
				ALWAYS_SEARCH_USER_PATHS = NO;
				CLANG_ANALYZER_NONNULL = YES;
				CLANG_ANALYZER_NUMBER_OBJECT_CONVERSION = YES_AGGRESSIVE;
				CLANG_CXX_LANGUAGE_STANDARD = "gnu++0x";
				CLANG_CXX_LIBRARY = "libc++";
				CLANG_ENABLE_MODULES = YES;
				CLANG_ENABLE_OBJC_ARC = YES;
				CLANG_WARN_BOOL_CONVERSION = YES;
				CLANG_WARN_CONSTANT_CONVERSION = YES;
				CLANG_WARN_DIRECT_OBJC_ISA_USAGE = YES_ERROR;
				CLANG_WARN_DOCUMENTATION_COMMENTS = YES;
				CLANG_WARN_EMPTY_BODY = YES;
				CLANG_WARN_ENUM_CONVERSION = YES;
				CLANG_WARN_INFINITE_RECURSION = YES;
				CLANG_WARN_INT_CONVERSION = YES;
				CLANG_WARN_OBJC_ROOT_CLASS = YES_ERROR;
				CLANG_WARN_SUSPICIOUS_MOVE = YES;
				CLANG_WARN_UNREACHABLE_CODE = YES;
				CLANG_WARN__DUPLICATE_METHOD_MATCH = YES;
				"CODE_SIGN_IDENTITY[sdk=iphoneos*]" = "iPhone Developer";
				COPY_PHASE_STRIP = NO;
				DEBUG_INFORMATION_FORMAT = dwarf;
				ENABLE_STRICT_OBJC_MSGSEND = YES;
				ENABLE_TESTABILITY = YES;
				GCC_C_LANGUAGE_STANDARD = gnu99;
				GCC_DYNAMIC_NO_PIC = NO;
				GCC_NO_COMMON_BLOCKS = YES;
				GCC_OPTIMIZATION_LEVEL = 0;
				GCC_PREPROCESSOR_DEFINITIONS = (
					"DEBUG=1",
					"$(inherited)",
				);
				GCC_WARN_64_TO_32_BIT_CONVERSION = YES;
				GCC_WARN_ABOUT_RETURN_TYPE = YES_ERROR;
				GCC_WARN_UNDECLARED_SELECTOR = YES;
				GCC_WARN_UNINITIALIZED_AUTOS = YES_AGGRESSIVE;
				GCC_WARN_UNUSED_FUNCTION = YES;
				GCC_WARN_UNUSED_VARIABLE = YES;
				IPHONEOS_DEPLOYMENT_TARGET = 10.0;
				MTL_ENABLE_DEBUG_INFO = YES;
				ONLY_ACTIVE_ARCH = YES;
				SDKROOT = iphoneos;
				SWIFT_ACTIVE_COMPILATION_CONDITIONS = DEBUG;
				SWIFT_OPTIMIZATION_LEVEL = "-Onone";
				TARGETED_DEVICE_FAMILY = "1,2";
			};
			name = Debug;
		};
		5A397F281EA4A96D00F2DFF3 /* Release */ = {
			isa = XCBuildConfiguration;
			buildSettings = {
				ALWAYS_SEARCH_USER_PATHS = NO;
				CLANG_ANALYZER_NONNULL = YES;
				CLANG_ANALYZER_NUMBER_OBJECT_CONVERSION = YES_AGGRESSIVE;
				CLANG_CXX_LANGUAGE_STANDARD = "gnu++0x";
				CLANG_CXX_LIBRARY = "libc++";
				CLANG_ENABLE_MODULES = YES;
				CLANG_ENABLE_OBJC_ARC = YES;
				CLANG_WARN_BOOL_CONVERSION = YES;
				CLANG_WARN_CONSTANT_CONVERSION = YES;
				CLANG_WARN_DIRECT_OBJC_ISA_USAGE = YES_ERROR;
				CLANG_WARN_DOCUMENTATION_COMMENTS = YES;
				CLANG_WARN_EMPTY_BODY = YES;
				CLANG_WARN_ENUM_CONVERSION = YES;
				CLANG_WARN_INFINITE_RECURSION = YES;
				CLANG_WARN_INT_CONVERSION = YES;
				CLANG_WARN_OBJC_ROOT_CLASS = YES_ERROR;
				CLANG_WARN_SUSPICIOUS_MOVE = YES;
				CLANG_WARN_UNREACHABLE_CODE = YES;
				CLANG_WARN__DUPLICATE_METHOD_MATCH = YES;
				"CODE_SIGN_IDENTITY[sdk=iphoneos*]" = "iPhone Developer";
				COPY_PHASE_STRIP = NO;
				DEBUG_INFORMATION_FORMAT = "dwarf-with-dsym";
				ENABLE_NS_ASSERTIONS = NO;
				ENABLE_STRICT_OBJC_MSGSEND = YES;
				GCC_C_LANGUAGE_STANDARD = gnu99;
				GCC_NO_COMMON_BLOCKS = YES;
				GCC_WARN_64_TO_32_BIT_CONVERSION = YES;
				GCC_WARN_ABOUT_RETURN_TYPE = YES_ERROR;
				GCC_WARN_UNDECLARED_SELECTOR = YES;
				GCC_WARN_UNINITIALIZED_AUTOS = YES_AGGRESSIVE;
				GCC_WARN_UNUSED_FUNCTION = YES;
				GCC_WARN_UNUSED_VARIABLE = YES;
				IPHONEOS_DEPLOYMENT_TARGET = 10.0;
				MTL_ENABLE_DEBUG_INFO = NO;
				SDKROOT = iphoneos;
				SWIFT_OPTIMIZATION_LEVEL = "-Owholemodule";
				TARGETED_DEVICE_FAMILY = "1,2";
				VALIDATE_PRODUCT = YES;
			};
			name = Release;
		};
		5A397F2A1EA4A96D00F2DFF3 /* Debug */ = {
			isa = XCBuildConfiguration;
			buildSettings = {
				ASSETCATALOG_COMPILER_APPICON_NAME = AppIcon;
				CLANG_ENABLE_MODULES = YES;
				DEVELOPMENT_TEAM = VM5KQQWR83;
				INFOPLIST_FILE = Text2Speech/Info.plist;
				IPHONEOS_DEPLOYMENT_TARGET = 10.0;
				LD_RUNPATH_SEARCH_PATHS = "$(inherited) @executable_path/Frameworks";
				PRODUCT_BUNDLE_IDENTIFIER = com.newborntown.inc.Text2Speech;
				PRODUCT_NAME = "$(TARGET_NAME)";
				SWIFT_OBJC_BRIDGING_HEADER = "Text2Speech/Text2Speech-Bridging-Header.h";
				SWIFT_OPTIMIZATION_LEVEL = "-Onone";
				SWIFT_VERSION = 3.0;
			};
			name = Debug;
		};
		5A397F2B1EA4A96D00F2DFF3 /* Release */ = {
			isa = XCBuildConfiguration;
			buildSettings = {
				ASSETCATALOG_COMPILER_APPICON_NAME = AppIcon;
				CLANG_ENABLE_MODULES = YES;
				DEVELOPMENT_TEAM = VM5KQQWR83;
				INFOPLIST_FILE = Text2Speech/Info.plist;
				IPHONEOS_DEPLOYMENT_TARGET = 10.0;
				LD_RUNPATH_SEARCH_PATHS = "$(inherited) @executable_path/Frameworks";
				PRODUCT_BUNDLE_IDENTIFIER = com.newborntown.inc.Text2Speech;
				PRODUCT_NAME = "$(TARGET_NAME)";
				SWIFT_OBJC_BRIDGING_HEADER = "Text2Speech/Text2Speech-Bridging-Header.h";
				SWIFT_VERSION = 3.0;
			};
			name = Release;
		};
		5A397F2D1EA4A96D00F2DFF3 /* Debug */ = {
			isa = XCBuildConfiguration;
			buildSettings = {
				ALWAYS_EMBED_SWIFT_STANDARD_LIBRARIES = YES;
				BUNDLE_LOADER = "$(TEST_HOST)";
				INFOPLIST_FILE = Text2SpeechTests/Info.plist;
				LD_RUNPATH_SEARCH_PATHS = "$(inherited) @executable_path/Frameworks @loader_path/Frameworks";
				PRODUCT_BUNDLE_IDENTIFIER = com.newborntown.inc.Text2SpeechTests;
				PRODUCT_NAME = "$(TARGET_NAME)";
				SWIFT_VERSION = 3.0;
				TEST_HOST = "$(BUILT_PRODUCTS_DIR)/Text2Speech.app/Text2Speech";
			};
			name = Debug;
		};
		5A397F2E1EA4A96D00F2DFF3 /* Release */ = {
			isa = XCBuildConfiguration;
			buildSettings = {
				ALWAYS_EMBED_SWIFT_STANDARD_LIBRARIES = YES;
				BUNDLE_LOADER = "$(TEST_HOST)";
				INFOPLIST_FILE = Text2SpeechTests/Info.plist;
				LD_RUNPATH_SEARCH_PATHS = "$(inherited) @executable_path/Frameworks @loader_path/Frameworks";
				PRODUCT_BUNDLE_IDENTIFIER = com.newborntown.inc.Text2SpeechTests;
				PRODUCT_NAME = "$(TARGET_NAME)";
				SWIFT_VERSION = 3.0;
				TEST_HOST = "$(BUILT_PRODUCTS_DIR)/Text2Speech.app/Text2Speech";
			};
			name = Release;
		};
/* End XCBuildConfiguration section */

/* Begin XCConfigurationList section */
		5A397F071EA4A96D00F2DFF3 /* Build configuration list for PBXProject "Text2Speech" */ = {
			isa = XCConfigurationList;
			buildConfigurations = (
				5A397F271EA4A96D00F2DFF3 /* Debug */,
				5A397F281EA4A96D00F2DFF3 /* Release */,
			);
			defaultConfigurationIsVisible = 0;
			defaultConfigurationName = Release;
		};
		5A397F291EA4A96D00F2DFF3 /* Build configuration list for PBXNativeTarget "Text2Speech" */ = {
			isa = XCConfigurationList;
			buildConfigurations = (
				5A397F2A1EA4A96D00F2DFF3 /* Debug */,
				5A397F2B1EA4A96D00F2DFF3 /* Release */,
			);
			defaultConfigurationIsVisible = 0;
			defaultConfigurationName = Release;
		};
		5A397F2C1EA4A96D00F2DFF3 /* Build configuration list for PBXNativeTarget "Text2SpeechTests" */ = {
			isa = XCConfigurationList;
			buildConfigurations = (
				5A397F2D1EA4A96D00F2DFF3 /* Debug */,
				5A397F2E1EA4A96D00F2DFF3 /* Release */,
			);
			defaultConfigurationIsVisible = 0;
			defaultConfigurationName = Release;
		};
/* End XCConfigurationList section */
	};
	rootObject = 5A397F041EA4A96D00F2DFF3 /* Project object */;
}
