// !$*UTF8*$!
{
	archiveVersion = 1;
	classes = {
	};
	objectVersion = 46;
	objects = {

/* Begin PBXBuildFile section */
		0EE5264A87EA5B4CABCF8416 /* Pods_Text2Speech.framework in Frameworks */ = {isa = PBXBuildFile; fileRef = DAF9F10AD40C8F18DECB65CF /* Pods_Text2Speech.framework */; };
		5A1D55441EC0146E00FBA874 /* ActionData.swift in Sources */ = {isa = PBXBuildFile; fileRef = 5A1D553B1EC0146E00FBA874 /* ActionData.swift */; };
		5A1D55451EC0146E00FBA874 /* ActionsHelper.swift in Sources */ = {isa = PBXBuildFile; fileRef = 5A1D553C1EC0146E00FBA874 /* ActionsHelper.swift */; };
		5A1D55461EC0146E00FBA874 /* ActionsManager.swift in Sources */ = {isa = PBXBuildFile; fileRef = 5A1D553D1EC0146E00FBA874 /* ActionsManager.swift */; };
		5A1D55471EC0146E00FBA874 /* FlowItem.swift in Sources */ = {isa = PBXBuildFile; fileRef = 5A1D553E1EC0146E00FBA874 /* FlowItem.swift */; };
		5A1D55481EC0146E00FBA874 /* ItemsGenerator.swift in Sources */ = {isa = PBXBuildFile; fileRef = 5A1D553F1EC0146E00FBA874 /* ItemsGenerator.swift */; };
		5A1D55491EC0146E00FBA874 /* NBAudioBot.swift in Sources */ = {isa = PBXBuildFile; fileRef = 5A1D55401EC0146E00FBA874 /* NBAudioBot.swift */; };
		5A1D554A1EC0146E00FBA874 /* PauseableTimer.swift in Sources */ = {isa = PBXBuildFile; fileRef = 5A1D55411EC0146E00FBA874 /* PauseableTimer.swift */; };
		5A1D554B1EC0146E00FBA874 /* TTSpeechFlowManager.swift in Sources */ = {isa = PBXBuildFile; fileRef = 5A1D55421EC0146E00FBA874 /* TTSpeechFlowManager.swift */; };
		5A1D554C1EC0146E00FBA874 /* TTSpeechManager.swift in Sources */ = {isa = PBXBuildFile; fileRef = 5A1D55431EC0146E00FBA874 /* TTSpeechManager.swift */; };
		5A1D6A711EC156C300AD8794 /* SportResource.swift in Sources */ = {isa = PBXBuildFile; fileRef = 5A1D6A701EC156C300AD8794 /* SportResource.swift */; };
		5A1D6A731EC157B700AD8794 /* SportResource.bundle in Resources */ = {isa = PBXBuildFile; fileRef = 5A1D6A721EC157B700AD8794 /* SportResource.bundle */; };
		5A1D6A751EC191C100AD8794 /* Common.swift in Sources */ = {isa = PBXBuildFile; fileRef = 5A1D6A741EC191C100AD8794 /* Common.swift */; };
		5A397F101EA4A96D00F2DFF3 /* AppDelegate.swift in Sources */ = {isa = PBXBuildFile; fileRef = 5A397F0F1EA4A96D00F2DFF3 /* AppDelegate.swift */; };
		5A397F121EA4A96D00F2DFF3 /* ViewController.swift in Sources */ = {isa = PBXBuildFile; fileRef = 5A397F111EA4A96D00F2DFF3 /* ViewController.swift */; };
		5A397F171EA4A96D00F2DFF3 /* Assets.xcassets in Resources */ = {isa = PBXBuildFile; fileRef = 5A397F161EA4A96D00F2DFF3 /* Assets.xcassets */; };
		5A397F251EA4A96D00F2DFF3 /* Text2SpeechTests.swift in Sources */ = {isa = PBXBuildFile; fileRef = 5A397F241EA4A96D00F2DFF3 /* Text2SpeechTests.swift */; };
		5A397F301EA4AAFD00F2DFF3 /* Language.plist in Resources */ = {isa = PBXBuildFile; fileRef = 5A397F2F1EA4AAFD00F2DFF3 /* Language.plist */; };
		5A397F4A1EA4D4DE00F2DFF3 /* Sports.plist in Resources */ = {isa = PBXBuildFile; fileRef = 5A397F491EA4D4DE00F2DFF3 /* Sports.plist */; };
		5A397F4C1EA4DCBF00F2DFF3 /* main.strings in Resources */ = {isa = PBXBuildFile; fileRef = 5A397F4B1EA4DCBF00F2DFF3 /* main.strings */; };
		5A3B5A891EA5E7B3006294E9 /* MonitorViewController.swift in Sources */ = {isa = PBXBuildFile; fileRef = 5A3B5A881EA5E7B3006294E9 /* MonitorViewController.swift */; };
		5A3B5A941EA5F27B006294E9 /* Main.storyboard in Resources */ = {isa = PBXBuildFile; fileRef = 5A3B5A931EA5F27B006294E9 /* Main.storyboard */; };
		5A3B5A961EA5FBED006294E9 /* InternationalViewController.swift in Sources */ = {isa = PBXBuildFile; fileRef = 5A3B5A951EA5FBED006294E9 /* InternationalViewController.swift */; };
		5A3B5A9C1EA61D39006294E9 /* MixAudioAndSpeechViewController.swift in Sources */ = {isa = PBXBuildFile; fileRef = 5A3B5A9B1EA61D39006294E9 /* MixAudioAndSpeechViewController.swift */; };
		5A3B5AA01EA62370006294E9 /* SpeechFlowViewController.swift in Sources */ = {isa = PBXBuildFile; fileRef = 5A3B5A9F1EA62370006294E9 /* SpeechFlowViewController.swift */; };
		5A3B5AA21EA6291A006294E9 /* SpeechItem.swift in Sources */ = {isa = PBXBuildFile; fileRef = 5A3B5AA11EA6291A006294E9 /* SpeechItem.swift */; };
		5A71F6781EAEF8D20011F02E /* UinitBySecondViewController.swift in Sources */ = {isa = PBXBuildFile; fileRef = 5A71F6771EAEF8D20011F02E /* UinitBySecondViewController.swift */; };
		5A8383301EAF16CC0099D415 /* InfoPlist.strings in Resources */ = {isa = PBXBuildFile; fileRef = 5A83832A1EAF16CC0099D415 /* InfoPlist.strings */; };
		5A8383311EAF16CC0099D415 /* LaunchScreen.strings in Resources */ = {isa = PBXBuildFile; fileRef = 5A83832C1EAF16CC0099D415 /* LaunchScreen.strings */; };
		5A8383321EAF16CC0099D415 /* Localizable.strings in Resources */ = {isa = PBXBuildFile; fileRef = 5A83832E1EAF16CC0099D415 /* Localizable.strings */; };
		5AD177D81EB9890F00F28764 /* DoubleAudioViewController.swift in Sources */ = {isa = PBXBuildFile; fileRef = 5AD177D71EB9890F00F28764 /* DoubleAudioViewController.swift */; };
		F3446F60103612D561C3DA94 /* Pods_Text2SpeechTests.framework in Frameworks */ = {isa = PBXBuildFile; fileRef = 935774B03EF5FCFF1A606FF6 /* Pods_Text2SpeechTests.framework */; };
/* End PBXBuildFile section */

/* Begin PBXContainerItemProxy section */
		5A397F211EA4A96D00F2DFF3 /* PBXContainerItemProxy */ = {
			isa = PBXContainerItemProxy;
			containerPortal = 5A397F041EA4A96D00F2DFF3 /* Project object */;
			proxyType = 1;
			remoteGlobalIDString = 5A397F0B1EA4A96D00F2DFF3;
			remoteInfo = Text2Speech;
		};
/* End PBXContainerItemProxy section */

/* Begin PBXFileReference section */
		17A9E58B5F27FCCF7671CDE6 /* Pods-Text2SpeechTests.release.xcconfig */ = {isa = PBXFileReference; includeInIndex = 1; lastKnownFileType = text.xcconfig; name = "Pods-Text2SpeechTests.release.xcconfig"; path = "Pods/Target Support Files/Pods-Text2SpeechTests/Pods-Text2SpeechTests.release.xcconfig"; sourceTree = "<group>"; };
		308E64CAB665B96678F0FEAC /* Pods-Text2Speech.release.xcconfig */ = {isa = PBXFileReference; includeInIndex = 1; lastKnownFileType = text.xcconfig; name = "Pods-Text2Speech.release.xcconfig"; path = "Pods/Target Support Files/Pods-Text2Speech/Pods-Text2Speech.release.xcconfig"; sourceTree = "<group>"; };
		5A120DF71EA9B13700E969BE /* Text2Speech-Bridging-Header.h */ = {isa = PBXFileReference; lastKnownFileType = sourcecode.c.h; path = "Text2Speech-Bridging-Header.h"; sourceTree = "<group>"; };
		5A1D553B1EC0146E00FBA874 /* ActionData.swift */ = {isa = PBXFileReference; fileEncoding = 4; lastKnownFileType = sourcecode.swift; path = ActionData.swift; sourceTree = "<group>"; };
		5A1D553C1EC0146E00FBA874 /* ActionsHelper.swift */ = {isa = PBXFileReference; fileEncoding = 4; lastKnownFileType = sourcecode.swift; path = ActionsHelper.swift; sourceTree = "<group>"; };
		5A1D553D1EC0146E00FBA874 /* ActionsManager.swift */ = {isa = PBXFileReference; fileEncoding = 4; lastKnownFileType = sourcecode.swift; path = ActionsManager.swift; sourceTree = "<group>"; };
		5A1D553E1EC0146E00FBA874 /* FlowItem.swift */ = {isa = PBXFileReference; fileEncoding = 4; lastKnownFileType = sourcecode.swift; path = FlowItem.swift; sourceTree = "<group>"; };
		5A1D553F1EC0146E00FBA874 /* ItemsGenerator.swift */ = {isa = PBXFileReference; fileEncoding = 4; lastKnownFileType = sourcecode.swift; path = ItemsGenerator.swift; sourceTree = "<group>"; };
		5A1D55401EC0146E00FBA874 /* NBAudioBot.swift */ = {isa = PBXFileReference; fileEncoding = 4; lastKnownFileType = sourcecode.swift; path = NBAudioBot.swift; sourceTree = "<group>"; };
		5A1D55411EC0146E00FBA874 /* PauseableTimer.swift */ = {isa = PBXFileReference; fileEncoding = 4; lastKnownFileType = sourcecode.swift; path = PauseableTimer.swift; sourceTree = "<group>"; };
		5A1D55421EC0146E00FBA874 /* TTSpeechFlowManager.swift */ = {isa = PBXFileReference; fileEncoding = 4; lastKnownFileType = sourcecode.swift; path = TTSpeechFlowManager.swift; sourceTree = "<group>"; };
		5A1D55431EC0146E00FBA874 /* TTSpeechManager.swift */ = {isa = PBXFileReference; fileEncoding = 4; lastKnownFileType = sourcecode.swift; path = TTSpeechManager.swift; sourceTree = "<group>"; };
		5A1D6A701EC156C300AD8794 /* SportResource.swift */ = {isa = PBXFileReference; fileEncoding = 4; lastKnownFileType = sourcecode.swift; path = SportResource.swift; sourceTree = "<group>"; };
		5A1D6A721EC157B700AD8794 /* SportResource.bundle */ = {isa = PBXFileReference; lastKnownFileType = "wrapper.plug-in"; path = SportResource.bundle; sourceTree = "<group>"; };
		5A1D6A741EC191C100AD8794 /* Common.swift */ = {isa = PBXFileReference; fileEncoding = 4; lastKnownFileType = sourcecode.swift; path = Common.swift; sourceTree = "<group>"; };
		5A397F0C1EA4A96D00F2DFF3 /* Text2Speech.app */ = {isa = PBXFileReference; explicitFileType = wrapper.application; includeInIndex = 0; path = Text2Speech.app; sourceTree = BUILT_PRODUCTS_DIR; };
		5A397F0F1EA4A96D00F2DFF3 /* AppDelegate.swift */ = {isa = PBXFileReference; lastKnownFileType = sourcecode.swift; path = AppDelegate.swift; sourceTree = "<group>"; };
		5A397F111EA4A96D00F2DFF3 /* ViewController.swift */ = {isa = PBXFileReference; lastKnownFileType = sourcecode.swift; path = ViewController.swift; sourceTree = "<group>"; };
		5A397F161EA4A96D00F2DFF3 /* Assets.xcassets */ = {isa = PBXFileReference; lastKnownFileType = folder.assetcatalog; path = Assets.xcassets; sourceTree = "<group>"; };
		5A397F1B1EA4A96D00F2DFF3 /* Info.plist */ = {isa = PBXFileReference; lastKnownFileType = text.plist.xml; path = Info.plist; sourceTree = "<group>"; };
		5A397F201EA4A96D00F2DFF3 /* Text2SpeechTests.xctest */ = {isa = PBXFileReference; explicitFileType = wrapper.cfbundle; includeInIndex = 0; path = Text2SpeechTests.xctest; sourceTree = BUILT_PRODUCTS_DIR; };
		5A397F241EA4A96D00F2DFF3 /* Text2SpeechTests.swift */ = {isa = PBXFileReference; lastKnownFileType = sourcecode.swift; path = Text2SpeechTests.swift; sourceTree = "<group>"; };
		5A397F261EA4A96D00F2DFF3 /* Info.plist */ = {isa = PBXFileReference; lastKnownFileType = text.plist.xml; path = Info.plist; sourceTree = "<group>"; };
		5A397F2F1EA4AAFD00F2DFF3 /* Language.plist */ = {isa = PBXFileReference; fileEncoding = 4; lastKnownFileType = text.plist.xml; path = Language.plist; sourceTree = "<group>"; };
		5A397F491EA4D4DE00F2DFF3 /* Sports.plist */ = {isa = PBXFileReference; fileEncoding = 4; lastKnownFileType = text.plist.xml; path = Sports.plist; sourceTree = "<group>"; };
		5A397F4B1EA4DCBF00F2DFF3 /* main.strings */ = {isa = PBXFileReference; fileEncoding = 4; lastKnownFileType = text.plist.strings; path = main.strings; sourceTree = "<group>"; };
		5A3B5A881EA5E7B3006294E9 /* MonitorViewController.swift */ = {isa = PBXFileReference; fileEncoding = 4; lastKnownFileType = sourcecode.swift; path = MonitorViewController.swift; sourceTree = "<group>"; };
		5A3B5A931EA5F27B006294E9 /* Main.storyboard */ = {isa = PBXFileReference; fileEncoding = 4; lastKnownFileType = file.storyboard; path = Main.storyboard; sourceTree = "<group>"; };
		5A3B5A951EA5FBED006294E9 /* InternationalViewController.swift */ = {isa = PBXFileReference; fileEncoding = 4; lastKnownFileType = sourcecode.swift; path = InternationalViewController.swift; sourceTree = "<group>"; };
		5A3B5A9B1EA61D39006294E9 /* MixAudioAndSpeechViewController.swift */ = {isa = PBXFileReference; fileEncoding = 4; lastKnownFileType = sourcecode.swift; path = MixAudioAndSpeechViewController.swift; sourceTree = "<group>"; };
		5A3B5A9F1EA62370006294E9 /* SpeechFlowViewController.swift */ = {isa = PBXFileReference; fileEncoding = 4; lastKnownFileType = sourcecode.swift; path = SpeechFlowViewController.swift; sourceTree = "<group>"; };
		5A3B5AA11EA6291A006294E9 /* SpeechItem.swift */ = {isa = PBXFileReference; fileEncoding = 4; lastKnownFileType = sourcecode.swift; path = SpeechItem.swift; sourceTree = "<group>"; };
		5A71F6771EAEF8D20011F02E /* UinitBySecondViewController.swift */ = {isa = PBXFileReference; fileEncoding = 4; lastKnownFileType = sourcecode.swift; path = UinitBySecondViewController.swift; sourceTree = "<group>"; };
		5A83832B1EAF16CC0099D415 /* zh-Hans */ = {isa = PBXFileReference; lastKnownFileType = text.plist.strings; name = "zh-Hans"; path = InfoPlist.strings; sourceTree = "<group>"; };
		5A83832D1EAF16CC0099D415 /* zh-Hans */ = {isa = PBXFileReference; lastKnownFileType = text.plist.strings; name = "zh-Hans"; path = LaunchScreen.strings; sourceTree = "<group>"; };
		5A83832F1EAF16CC0099D415 /* zh-Hans */ = {isa = PBXFileReference; lastKnownFileType = text.plist.strings; name = "zh-Hans"; path = Localizable.strings; sourceTree = "<group>"; };
		5AD177D71EB9890F00F28764 /* DoubleAudioViewController.swift */ = {isa = PBXFileReference; fileEncoding = 4; lastKnownFileType = sourcecode.swift; path = DoubleAudioViewController.swift; sourceTree = "<group>"; };
		935774B03EF5FCFF1A606FF6 /* Pods_Text2SpeechTests.framework */ = {isa = PBXFileReference; explicitFileType = wrapper.framework; includeInIndex = 0; path = Pods_Text2SpeechTests.framework; sourceTree = BUILT_PRODUCTS_DIR; };
		DAF9F10AD40C8F18DECB65CF /* Pods_Text2Speech.framework */ = {isa = PBXFileReference; explicitFileType = wrapper.framework; includeInIndex = 0; path = Pods_Text2Speech.framework; sourceTree = BUILT_PRODUCTS_DIR; };
		DF7F863F539EEA8D5BF0EBB8 /* Pods-Text2Speech.debug.xcconfig */ = {isa = PBXFileReference; includeInIndex = 1; lastKnownFileType = text.xcconfig; name = "Pods-Text2Speech.debug.xcconfig"; path = "Pods/Target Support Files/Pods-Text2Speech/Pods-Text2Speech.debug.xcconfig"; sourceTree = "<group>"; };
		F6E530FF9B6983F0DCA342BC /* Pods-Text2SpeechTests.debug.xcconfig */ = {isa = PBXFileReference; includeInIndex = 1; lastKnownFileType = text.xcconfig; name = "Pods-Text2SpeechTests.debug.xcconfig"; path = "Pods/Target Support Files/Pods-Text2SpeechTests/Pods-Text2SpeechTests.debug.xcconfig"; sourceTree = "<group>"; };
/* End PBXFileReference section */

/* Begin PBXFrameworksBuildPhase section */
		5A397F091EA4A96D00F2DFF3 /* Frameworks */ = {
			isa = PBXFrameworksBuildPhase;
			buildActionMask = 2147483647;
			files = (
				0EE5264A87EA5B4CABCF8416 /* Pods_Text2Speech.framework in Frameworks */,
			);
			runOnlyForDeploymentPostprocessing = 0;
		};
		5A397F1D1EA4A96D00F2DFF3 /* Frameworks */ = {
			isa = PBXFrameworksBuildPhase;
			buildActionMask = 2147483647;
			files = (
				F3446F60103612D561C3DA94 /* Pods_Text2SpeechTests.framework in Frameworks */,
			);
			runOnlyForDeploymentPostprocessing = 0;
		};
/* End PBXFrameworksBuildPhase section */

/* Begin PBXGroup section */
		08D134D12A7436CAB764E410 /* Pods */ = {
			isa = PBXGroup;
			children = (
				DF7F863F539EEA8D5BF0EBB8 /* Pods-Text2Speech.debug.xcconfig */,
				308E64CAB665B96678F0FEAC /* Pods-Text2Speech.release.xcconfig */,
				F6E530FF9B6983F0DCA342BC /* Pods-Text2SpeechTests.debug.xcconfig */,
				17A9E58B5F27FCCF7671CDE6 /* Pods-Text2SpeechTests.release.xcconfig */,
			);
			name = Pods;
			sourceTree = "<group>";
		};
		314769DEB1D845B9721EE7F7 /* Frameworks */ = {
			isa = PBXGroup;
			children = (
				DAF9F10AD40C8F18DECB65CF /* Pods_Text2Speech.framework */,
				935774B03EF5FCFF1A606FF6 /* Pods_Text2SpeechTests.framework */,
			);
			name = Frameworks;
			sourceTree = "<group>";
		};
		5A1D553A1EC0146E00FBA874 /* TTSpeechSyntheKit */ = {
			isa = PBXGroup;
			children = (
				5A1D553B1EC0146E00FBA874 /* ActionData.swift */,
				5A1D553C1EC0146E00FBA874 /* ActionsHelper.swift */,
				5A1D553D1EC0146E00FBA874 /* ActionsManager.swift */,
				5A1D553E1EC0146E00FBA874 /* FlowItem.swift */,
				5A1D553F1EC0146E00FBA874 /* ItemsGenerator.swift */,
				5A1D55401EC0146E00FBA874 /* NBAudioBot.swift */,
				5A1D55411EC0146E00FBA874 /* PauseableTimer.swift */,
				5A1D55421EC0146E00FBA874 /* TTSpeechFlowManager.swift */,
				5A1D55431EC0146E00FBA874 /* TTSpeechManager.swift */,
			);
			path = TTSpeechSyntheKit;
			sourceTree = "<group>";
		};
		5A397F031EA4A96D00F2DFF3 = {
			isa = PBXGroup;
			children = (
				5A397F0E1EA4A96D00F2DFF3 /* Text2Speech */,
				5A397F231EA4A96D00F2DFF3 /* Text2SpeechTests */,
				5A397F0D1EA4A96D00F2DFF3 /* Products */,
				08D134D12A7436CAB764E410 /* Pods */,
				314769DEB1D845B9721EE7F7 /* Frameworks */,
			);
			sourceTree = "<group>";
		};
		5A397F0D1EA4A96D00F2DFF3 /* Products */ = {
			isa = PBXGroup;
			children = (
				5A397F0C1EA4A96D00F2DFF3 /* Text2Speech.app */,
				5A397F201EA4A96D00F2DFF3 /* Text2SpeechTests.xctest */,
			);
			name = Products;
			sourceTree = "<group>";
		};
		5A397F0E1EA4A96D00F2DFF3 /* Text2Speech */ = {
			isa = PBXGroup;
			children = (
				5A397F0F1EA4A96D00F2DFF3 /* AppDelegate.swift */,
				5A3B5AA11EA6291A006294E9 /* SpeechItem.swift */,
				5A397F111EA4A96D00F2DFF3 /* ViewController.swift */,
				5A3B5A951EA5FBED006294E9 /* InternationalViewController.swift */,
				5A3B5A881EA5E7B3006294E9 /* MonitorViewController.swift */,
				5A3B5A9F1EA62370006294E9 /* SpeechFlowViewController.swift */,
				5A3B5A9B1EA61D39006294E9 /* MixAudioAndSpeechViewController.swift */,
				5A71F6771EAEF8D20011F02E /* UinitBySecondViewController.swift */,
				5AD177D71EB9890F00F28764 /* DoubleAudioViewController.swift */,
				5A1D553A1EC0146E00FBA874 /* TTSpeechSyntheKit */,
				5AB447E91EB03CB7004EAD17 /* Vender */,
				5A397F161EA4A96D00F2DFF3 /* Assets.xcassets */,
				5A397F1B1EA4A96D00F2DFF3 /* Info.plist */,
				5A120DF71EA9B13700E969BE /* Text2Speech-Bridging-Header.h */,
				5A42E3091EA88955008C693E /* Resource */,
				5A3B5A931EA5F27B006294E9 /* Main.storyboard */,
			);
			path = Text2Speech;
			sourceTree = "<group>";
		};
		5A397F231EA4A96D00F2DFF3 /* Text2SpeechTests */ = {
			isa = PBXGroup;
			children = (
				5A397F241EA4A96D00F2DFF3 /* Text2SpeechTests.swift */,
				5A397F261EA4A96D00F2DFF3 /* Info.plist */,
			);
			path = Text2SpeechTests;
			sourceTree = "<group>";
		};
		5A42E3091EA88955008C693E /* Resource */ = {
			isa = PBXGroup;
			children = (
				5A1D6A721EC157B700AD8794 /* SportResource.bundle */,
				5A8383291EAF16CC0099D415 /* zh-Hans.lproj */,
				5A397F491EA4D4DE00F2DFF3 /* Sports.plist */,
				5A397F4B1EA4DCBF00F2DFF3 /* main.strings */,
				5A397F2F1EA4AAFD00F2DFF3 /* Language.plist */,
			);
			name = Resource;
			sourceTree = "<group>";
		};
		5A8383291EAF16CC0099D415 /* zh-Hans.lproj */ = {
			isa = PBXGroup;
			children = (
				5A83832A1EAF16CC0099D415 /* InfoPlist.strings */,
				5A83832C1EAF16CC0099D415 /* LaunchScreen.strings */,
				5A83832E1EAF16CC0099D415 /* Localizable.strings */,
			);
			path = "zh-Hans.lproj";
			sourceTree = "<group>";
		};
		5AB447E91EB03CB7004EAD17 /* Vender */ = {
			isa = PBXGroup;
			children = (
				5A1D6A701EC156C300AD8794 /* SportResource.swift */,
				5A1D6A741EC191C100AD8794 /* Common.swift */,
			);
			name = Vender;
			sourceTree = "<group>";
		};
/* End PBXGroup section */

/* Begin PBXNativeTarget section */
		5A397F0B1EA4A96D00F2DFF3 /* Text2Speech */ = {
			isa = PBXNativeTarget;
			buildConfigurationList = 5A397F291EA4A96D00F2DFF3 /* Build configuration list for PBXNativeTarget "Text2Speech" */;
			buildPhases = (
				5ABC2651ACEBD17BC7E60A33 /* [CP] Check Pods Manifest.lock */,
				5A397F081EA4A96D00F2DFF3 /* Sources */,
				5A397F091EA4A96D00F2DFF3 /* Frameworks */,
				5A397F0A1EA4A96D00F2DFF3 /* Resources */,
				10C331DDD55A2B0F9B79FCE8 /* [CP] Embed Pods Frameworks */,
				943149BD2909B92EC8567B28 /* [CP] Copy Pods Resources */,
			);
			buildRules = (
			);
			dependencies = (
			);
			name = Text2Speech;
			productName = Text2Speech;
			productReference = 5A397F0C1EA4A96D00F2DFF3 /* Text2Speech.app */;
			productType = "com.apple.product-type.application";
		};
		5A397F1F1EA4A96D00F2DFF3 /* Text2SpeechTests */ = {
			isa = PBXNativeTarget;
			buildConfigurationList = 5A397F2C1EA4A96D00F2DFF3 /* Build configuration list for PBXNativeTarget "Text2SpeechTests" */;
			buildPhases = (
				CCFF0E556A447818AE3EBC7B /* [CP] Check Pods Manifest.lock */,
				5A397F1C1EA4A96D00F2DFF3 /* Sources */,
				5A397F1D1EA4A96D00F2DFF3 /* Frameworks */,
				5A397F1E1EA4A96D00F2DFF3 /* Resources */,
				352D523DEE7B3DFA99CA290E /* [CP] Embed Pods Frameworks */,
				FECC8EAED80AA37E555CA3CF /* [CP] Copy Pods Resources */,
			);
			buildRules = (
			);
			dependencies = (
				5A397F221EA4A96D00F2DFF3 /* PBXTargetDependency */,
			);
			name = Text2SpeechTests;
			productName = Text2SpeechTests;
			productReference = 5A397F201EA4A96D00F2DFF3 /* Text2SpeechTests.xctest */;
			productType = "com.apple.product-type.bundle.unit-test";
		};
/* End PBXNativeTarget section */

/* Begin PBXProject section */
		5A397F041EA4A96D00F2DFF3 /* Project object */ = {
			isa = PBXProject;
			attributes = {
				LastSwiftUpdateCheck = 0830;
				LastUpgradeCheck = 0830;
				ORGANIZATIONNAME = "NewBornTown, Inc.";
				TargetAttributes = {
					5A397F0B1EA4A96D00F2DFF3 = {
						CreatedOnToolsVersion = 8.3.1;
						DevelopmentTeam = VM5KQQWR83;
						LastSwiftMigration = 0830;
						ProvisioningStyle = Automatic;
					};
					5A397F1F1EA4A96D00F2DFF3 = {
						CreatedOnToolsVersion = 8.3.1;
						ProvisioningStyle = Automatic;
						TestTargetID = 5A397F0B1EA4A96D00F2DFF3;
					};
				};
			};
			buildConfigurationList = 5A397F071EA4A96D00F2DFF3 /* Build configuration list for PBXProject "Text2Speech" */;
			compatibilityVersion = "Xcode 3.2";
			developmentRegion = English;
			hasScannedForEncodings = 0;
			knownRegions = (
				en,
				"zh-Hans",
			);
			mainGroup = 5A397F031EA4A96D00F2DFF3;
			productRefGroup = 5A397F0D1EA4A96D00F2DFF3 /* Products */;
			projectDirPath = "";
			projectRoot = "";
			targets = (
				5A397F0B1EA4A96D00F2DFF3 /* Text2Speech */,
				5A397F1F1EA4A96D00F2DFF3 /* Text2SpeechTests */,
			);
		};
/* End PBXProject section */

/* Begin PBXResourcesBuildPhase section */
		5A397F0A1EA4A96D00F2DFF3 /* Resources */ = {
			isa = PBXResourcesBuildPhase;
			buildActionMask = 2147483647;
			files = (
				5A8383301EAF16CC0099D415 /* InfoPlist.strings in Resources */,
				5A8383321EAF16CC0099D415 /* Localizable.strings in Resources */,
				5A8383311EAF16CC0099D415 /* LaunchScreen.strings in Resources */,
				5A397F301EA4AAFD00F2DFF3 /* Language.plist in Resources */,
				5A397F4C1EA4DCBF00F2DFF3 /* main.strings in Resources */,
				5A1D6A731EC157B700AD8794 /* SportResource.bundle in Resources */,
				5A3B5A941EA5F27B006294E9 /* Main.storyboard in Resources */,
				5A397F4A1EA4D4DE00F2DFF3 /* Sports.plist in Resources */,
				5A397F171EA4A96D00F2DFF3 /* Assets.xcassets in Resources */,
			);
			runOnlyForDeploymentPostprocessing = 0;
		};
		5A397F1E1EA4A96D00F2DFF3 /* Resources */ = {
			isa = PBXResourcesBuildPhase;
			buildActionMask = 2147483647;
			files = (
			);
			runOnlyForDeploymentPostprocessing = 0;
		};
/* End PBXResourcesBuildPhase section */

/* Begin PBXShellScriptBuildPhase section */
		10C331DDD55A2B0F9B79FCE8 /* [CP] Embed Pods Frameworks */ = {
			isa = PBXShellScriptBuildPhase;
			buildActionMask = 2147483647;
			files = (
			);
			inputPaths = (
			);
			name = "[CP] Embed Pods Frameworks";
			outputPaths = (
			);
			runOnlyForDeploymentPostprocessing = 0;
			shellPath = /bin/sh;
			shellScript = "\"${SRCROOT}/Pods/Target Support Files/Pods-Text2Speech/Pods-Text2Speech-frameworks.sh\"\n";
			showEnvVarsInLog = 0;
		};
		352D523DEE7B3DFA99CA290E /* [CP] Embed Pods Frameworks */ = {
			isa = PBXShellScriptBuildPhase;
			buildActionMask = 2147483647;
			files = (
			);
			inputPaths = (
			);
			name = "[CP] Embed Pods Frameworks";
			outputPaths = (
			);
			runOnlyForDeploymentPostprocessing = 0;
			shellPath = /bin/sh;
			shellScript = "\"${SRCROOT}/Pods/Target Support Files/Pods-Text2SpeechTests/Pods-Text2SpeechTests-frameworks.sh\"\n";
			showEnvVarsInLog = 0;
		};
		5ABC2651ACEBD17BC7E60A33 /* [CP] Check Pods Manifest.lock */ = {
			isa = PBXShellScriptBuildPhase;
			buildActionMask = 2147483647;
			files = (
			);
			inputPaths = (
			);
			name = "[CP] Check Pods Manifest.lock";
			outputPaths = (
			);
			runOnlyForDeploymentPostprocessing = 0;
			shellPath = /bin/sh;
			shellScript = "diff \"${PODS_PODFILE_DIR_PATH}/Podfile.lock\" \"${PODS_ROOT}/Manifest.lock\" > /dev/null\nif [ $? != 0 ] ; then\n    # print error to STDERR\n    echo \"error: The sandbox is not in sync with the Podfile.lock. Run 'pod install' or update your CocoaPods installation.\" >&2\n    exit 1\nfi\n";
			showEnvVarsInLog = 0;
		};
		943149BD2909B92EC8567B28 /* [CP] Copy Pods Resources */ = {
			isa = PBXShellScriptBuildPhase;
			buildActionMask = 2147483647;
			files = (
			);
			inputPaths = (
			);
			name = "[CP] Copy Pods Resources";
			outputPaths = (
			);
			runOnlyForDeploymentPostprocessing = 0;
			shellPath = /bin/sh;
			shellScript = "\"${SRCROOT}/Pods/Target Support Files/Pods-Text2Speech/Pods-Text2Speech-resources.sh\"\n";
			showEnvVarsInLog = 0;
		};
		CCFF0E556A447818AE3EBC7B /* [CP] Check Pods Manifest.lock */ = {
			isa = PBXShellScriptBuildPhase;
			buildActionMask = 2147483647;
			files = (
			);
			inputPaths = (
			);
			name = "[CP] Check Pods Manifest.lock";
			outputPaths = (
			);
			runOnlyForDeploymentPostprocessing = 0;
			shellPath = /bin/sh;
			shellScript = "diff \"${PODS_PODFILE_DIR_PATH}/Podfile.lock\" \"${PODS_ROOT}/Manifest.lock\" > /dev/null\nif [ $? != 0 ] ; then\n    # print error to STDERR\n    echo \"error: The sandbox is not in sync with the Podfile.lock. Run 'pod install' or update your CocoaPods installation.\" >&2\n    exit 1\nfi\n";
			showEnvVarsInLog = 0;
		};
		FECC8EAED80AA37E555CA3CF /* [CP] Copy Pods Resources */ = {
			isa = PBXShellScriptBuildPhase;
			buildActionMask = 2147483647;
			files = (
			);
			inputPaths = (
			);
			name = "[CP] Copy Pods Resources";
			outputPaths = (
			);
			runOnlyForDeploymentPostprocessing = 0;
			shellPath = /bin/sh;
			shellScript = "\"${SRCROOT}/Pods/Target Support Files/Pods-Text2SpeechTests/Pods-Text2SpeechTests-resources.sh\"\n";
			showEnvVarsInLog = 0;
		};
/* End PBXShellScriptBuildPhase section */

/* Begin PBXSourcesBuildPhase section */
		5A397F081EA4A96D00F2DFF3 /* Sources */ = {
			isa = PBXSourcesBuildPhase;
			buildActionMask = 2147483647;
			files = (
				5A3B5AA01EA62370006294E9 /* SpeechFlowViewController.swift in Sources */,
				5A1D6A711EC156C300AD8794 /* SportResource.swift in Sources */,
				5A1D55481EC0146E00FBA874 /* ItemsGenerator.swift in Sources */,
				5A1D55491EC0146E00FBA874 /* NBAudioBot.swift in Sources */,
				5A1D55461EC0146E00FBA874 /* ActionsManager.swift in Sources */,
				5A397F121EA4A96D00F2DFF3 /* ViewController.swift in Sources */,
				5A1D554A1EC0146E00FBA874 /* PauseableTimer.swift in Sources */,
				5A3B5AA21EA6291A006294E9 /* SpeechItem.swift in Sources */,
				5A1D6A751EC191C100AD8794 /* Common.swift in Sources */,
				5A3B5A961EA5FBED006294E9 /* InternationalViewController.swift in Sources */,
				5A1D55471EC0146E00FBA874 /* FlowItem.swift in Sources */,
				5A71F6781EAEF8D20011F02E /* UinitBySecondViewController.swift in Sources */,
				5A397F101EA4A96D00F2DFF3 /* AppDelegate.swift in Sources */,
				5A1D554C1EC0146E00FBA874 /* TTSpeechManager.swift in Sources */,
				5A1D55441EC0146E00FBA874 /* ActionData.swift in Sources */,
				5A3B5A891EA5E7B3006294E9 /* MonitorViewController.swift in Sources */,
				5A3B5A9C1EA61D39006294E9 /* MixAudioAndSpeechViewController.swift in Sources */,
				5AD177D81EB9890F00F28764 /* DoubleAudioViewController.swift in Sources */,
				5A1D55451EC0146E00FBA874 /* ActionsHelper.swift in Sources */,
				5A1D554B1EC0146E00FBA874 /* TTSpeechFlowManager.swift in Sources */,
			);
			runOnlyForDeploymentPostprocessing = 0;
		};
		5A397F1C1EA4A96D00F2DFF3 /* Sources */ = {
			isa = PBXSourcesBuildPhase;
			buildActionMask = 2147483647;
			files = (
				5A397F251EA4A96D00F2DFF3 /* Text2SpeechTests.swift in Sources */,
			);
			runOnlyForDeploymentPostprocessing = 0;
		};
/* End PBXSourcesBuildPhase section */

/* Begin PBXTargetDependency section */
		5A397F221EA4A96D00F2DFF3 /* PBXTargetDependency */ = {
			isa = PBXTargetDependency;
			target = 5A397F0B1EA4A96D00F2DFF3 /* Text2Speech */;
			targetProxy = 5A397F211EA4A96D00F2DFF3 /* PBXContainerItemProxy */;
		};
/* End PBXTargetDependency section */

/* Begin PBXVariantGroup section */
		5A83832A1EAF16CC0099D415 /* InfoPlist.strings */ = {
			isa = PBXVariantGroup;
			children = (
				5A83832B1EAF16CC0099D415 /* zh-Hans */,
			);
			name = InfoPlist.strings;
			sourceTree = "<group>";
		};
		5A83832C1EAF16CC0099D415 /* LaunchScreen.strings */ = {
			isa = PBXVariantGroup;
			children = (
				5A83832D1EAF16CC0099D415 /* zh-Hans */,
			);
			name = LaunchScreen.strings;
			sourceTree = "<group>";
		};
		5A83832E1EAF16CC0099D415 /* Localizable.strings */ = {
			isa = PBXVariantGroup;
			children = (
				5A83832F1EAF16CC0099D415 /* zh-Hans */,
			);
			name = Localizable.strings;
			sourceTree = "<group>";
		};
/* End PBXVariantGroup section */

/* Begin XCBuildConfiguration section */
		5A397F271EA4A96D00F2DFF3 /* Debug */ = {
			isa = XCBuildConfiguration;
			buildSettings = {
				ALWAYS_SEARCH_USER_PATHS = NO;
				CLANG_ANALYZER_NONNULL = YES;
				CLANG_ANALYZER_NUMBER_OBJECT_CONVERSION = YES_AGGRESSIVE;
				CLANG_CXX_LANGUAGE_STANDARD = "gnu++0x";
				CLANG_CXX_LIBRARY = "libc++";
				CLANG_ENABLE_MODULES = YES;
				CLANG_ENABLE_OBJC_ARC = YES;
				CLANG_WARN_BOOL_CONVERSION = YES;
				CLANG_WARN_CONSTANT_CONVERSION = YES;
				CLANG_WARN_DIRECT_OBJC_ISA_USAGE = YES_ERROR;
				CLANG_WARN_DOCUMENTATION_COMMENTS = YES;
				CLANG_WARN_EMPTY_BODY = YES;
				CLANG_WARN_ENUM_CONVERSION = YES;
				CLANG_WARN_INFINITE_RECURSION = YES;
				CLANG_WARN_INT_CONVERSION = YES;
				CLANG_WARN_OBJC_ROOT_CLASS = YES_ERROR;
				CLANG_WARN_SUSPICIOUS_MOVE = YES;
				CLANG_WARN_UNREACHABLE_CODE = YES;
				CLANG_WARN__DUPLICATE_METHOD_MATCH = YES;
				"CODE_SIGN_IDENTITY[sdk=iphoneos*]" = "iPhone Developer";
				COPY_PHASE_STRIP = NO;
				DEBUG_INFORMATION_FORMAT = dwarf;
				ENABLE_STRICT_OBJC_MSGSEND = YES;
				ENABLE_TESTABILITY = YES;
				GCC_C_LANGUAGE_STANDARD = gnu99;
				GCC_DYNAMIC_NO_PIC = NO;
				GCC_NO_COMMON_BLOCKS = YES;
				GCC_OPTIMIZATION_LEVEL = 0;
				GCC_PREPROCESSOR_DEFINITIONS = (
					"DEBUG=1",
					"$(inherited)",
				);
				GCC_WARN_64_TO_32_BIT_CONVERSION = YES;
				GCC_WARN_ABOUT_RETURN_TYPE = YES_ERROR;
				GCC_WARN_UNDECLARED_SELECTOR = YES;
				GCC_WARN_UNINITIALIZED_AUTOS = YES_AGGRESSIVE;
				GCC_WARN_UNUSED_FUNCTION = YES;
				GCC_WARN_UNUSED_VARIABLE = YES;
				IPHONEOS_DEPLOYMENT_TARGET = 10.0;
				MTL_ENABLE_DEBUG_INFO = YES;
				ONLY_ACTIVE_ARCH = YES;
				SDKROOT = iphoneos;
				SWIFT_ACTIVE_COMPILATION_CONDITIONS = DEBUG;
				SWIFT_OPTIMIZATION_LEVEL = "-Onone";
				TARGETED_DEVICE_FAMILY = "1,2";
			};
			name = Debug;
		};
		5A397F281EA4A96D00F2DFF3 /* Release */ = {
			isa = XCBuildConfiguration;
			buildSettings = {
				ALWAYS_SEARCH_USER_PATHS = NO;
				CLANG_ANALYZER_NONNULL = YES;
				CLANG_ANALYZER_NUMBER_OBJECT_CONVERSION = YES_AGGRESSIVE;
				CLANG_CXX_LANGUAGE_STANDARD = "gnu++0x";
				CLANG_CXX_LIBRARY = "libc++";
				CLANG_ENABLE_MODULES = YES;
				CLANG_ENABLE_OBJC_ARC = YES;
				CLANG_WARN_BOOL_CONVERSION = YES;
				CLANG_WARN_CONSTANT_CONVERSION = YES;
				CLANG_WARN_DIRECT_OBJC_ISA_USAGE = YES_ERROR;
				CLANG_WARN_DOCUMENTATION_COMMENTS = YES;
				CLANG_WARN_EMPTY_BODY = YES;
				CLANG_WARN_ENUM_CONVERSION = YES;
				CLANG_WARN_INFINITE_RECURSION = YES;
				CLANG_WARN_INT_CONVERSION = YES;
				CLANG_WARN_OBJC_ROOT_CLASS = YES_ERROR;
				CLANG_WARN_SUSPICIOUS_MOVE = YES;
				CLANG_WARN_UNREACHABLE_CODE = YES;
				CLANG_WARN__DUPLICATE_METHOD_MATCH = YES;
				"CODE_SIGN_IDENTITY[sdk=iphoneos*]" = "iPhone Developer";
				COPY_PHASE_STRIP = NO;
				DEBUG_INFORMATION_FORMAT = "dwarf-with-dsym";
				ENABLE_NS_ASSERTIONS = NO;
				ENABLE_STRICT_OBJC_MSGSEND = YES;
				GCC_C_LANGUAGE_STANDARD = gnu99;
				GCC_NO_COMMON_BLOCKS = YES;
				GCC_WARN_64_TO_32_BIT_CONVERSION = YES;
				GCC_WARN_ABOUT_RETURN_TYPE = YES_ERROR;
				GCC_WARN_UNDECLARED_SELECTOR = YES;
				GCC_WARN_UNINITIALIZED_AUTOS = YES_AGGRESSIVE;
				GCC_WARN_UNUSED_FUNCTION = YES;
				GCC_WARN_UNUSED_VARIABLE = YES;
				IPHONEOS_DEPLOYMENT_TARGET = 10.0;
				MTL_ENABLE_DEBUG_INFO = NO;
				SDKROOT = iphoneos;
				SWIFT_OPTIMIZATION_LEVEL = "-Owholemodule";
				TARGETED_DEVICE_FAMILY = "1,2";
				VALIDATE_PRODUCT = YES;
			};
			name = Release;
		};
		5A397F2A1EA4A96D00F2DFF3 /* Debug */ = {
			isa = XCBuildConfiguration;
			baseConfigurationReference = DF7F863F539EEA8D5BF0EBB8 /* Pods-Text2Speech.debug.xcconfig */;
			buildSettings = {
				ASSETCATALOG_COMPILER_APPICON_NAME = AppIcon;
				CLANG_ENABLE_MODULES = YES;
				DEVELOPMENT_TEAM = VM5KQQWR83;
				INFOPLIST_FILE = Text2Speech/Info.plist;
				IPHONEOS_DEPLOYMENT_TARGET = 10.0;
				LD_RUNPATH_SEARCH_PATHS = "$(inherited) @executable_path/Frameworks";
				"OTHER_LDFLAGS[arch=*]" = (
					"-D",
					DEBUG,
				);
				PRODUCT_BUNDLE_IDENTIFIER = com.newborntown.inc.Text2Speech;
				PRODUCT_NAME = "$(TARGET_NAME)";
				SWIFT_OBJC_BRIDGING_HEADER = "Text2Speech/Text2Speech-Bridging-Header.h";
				SWIFT_OPTIMIZATION_LEVEL = "-Onone";
				SWIFT_VERSION = 3.0;
			};
			name = Debug;
		};
		5A397F2B1EA4A96D00F2DFF3 /* Release */ = {
			isa = XCBuildConfiguration;
			baseConfigurationReference = 308E64CAB665B96678F0FEAC /* Pods-Text2Speech.release.xcconfig */;
			buildSettings = {
				ASSETCATALOG_COMPILER_APPICON_NAME = AppIcon;
				CLANG_ENABLE_MODULES = YES;
				DEVELOPMENT_TEAM = VM5KQQWR83;
				INFOPLIST_FILE = Text2Speech/Info.plist;
				IPHONEOS_DEPLOYMENT_TARGET = 10.0;
				LD_RUNPATH_SEARCH_PATHS = "$(inherited) @executable_path/Frameworks";
				PRODUCT_BUNDLE_IDENTIFIER = com.newborntown.inc.Text2Speech;
				PRODUCT_NAME = "$(TARGET_NAME)";
				SWIFT_OBJC_BRIDGING_HEADER = "Text2Speech/Text2Speech-Bridging-Header.h";
				SWIFT_VERSION = 3.0;
			};
			name = Release;
		};
		5A397F2D1EA4A96D00F2DFF3 /* Debug */ = {
			isa = XCBuildConfiguration;
			baseConfigurationReference = F6E530FF9B6983F0DCA342BC /* Pods-Text2SpeechTests.debug.xcconfig */;
			buildSettings = {
				ALWAYS_EMBED_SWIFT_STANDARD_LIBRARIES = YES;
				BUNDLE_LOADER = "$(TEST_HOST)";
				INFOPLIST_FILE = Text2SpeechTests/Info.plist;
				LD_RUNPATH_SEARCH_PATHS = "$(inherited) @executable_path/Frameworks @loader_path/Frameworks";
				PRODUCT_BUNDLE_IDENTIFIER = com.newborntown.inc.Text2SpeechTests;
				PRODUCT_NAME = "$(TARGET_NAME)";
				SWIFT_VERSION = 3.0;
				TEST_HOST = "$(BUILT_PRODUCTS_DIR)/Text2Speech.app/Text2Speech";
			};
			name = Debug;
		};
		5A397F2E1EA4A96D00F2DFF3 /* Release */ = {
			isa = XCBuildConfiguration;
			baseConfigurationReference = 17A9E58B5F27FCCF7671CDE6 /* Pods-Text2SpeechTests.release.xcconfig */;
			buildSettings = {
				ALWAYS_EMBED_SWIFT_STANDARD_LIBRARIES = YES;
				BUNDLE_LOADER = "$(TEST_HOST)";
				INFOPLIST_FILE = Text2SpeechTests/Info.plist;
				LD_RUNPATH_SEARCH_PATHS = "$(inherited) @executable_path/Frameworks @loader_path/Frameworks";
				PRODUCT_BUNDLE_IDENTIFIER = com.newborntown.inc.Text2SpeechTests;
				PRODUCT_NAME = "$(TARGET_NAME)";
				SWIFT_VERSION = 3.0;
				TEST_HOST = "$(BUILT_PRODUCTS_DIR)/Text2Speech.app/Text2Speech";
			};
			name = Release;
		};
/* End XCBuildConfiguration section */

/* Begin XCConfigurationList section */
		5A397F071EA4A96D00F2DFF3 /* Build configuration list for PBXProject "Text2Speech" */ = {
			isa = XCConfigurationList;
			buildConfigurations = (
				5A397F271EA4A96D00F2DFF3 /* Debug */,
				5A397F281EA4A96D00F2DFF3 /* Release */,
			);
			defaultConfigurationIsVisible = 0;
			defaultConfigurationName = Release;
		};
		5A397F291EA4A96D00F2DFF3 /* Build configuration list for PBXNativeTarget "Text2Speech" */ = {
			isa = XCConfigurationList;
			buildConfigurations = (
				5A397F2A1EA4A96D00F2DFF3 /* Debug */,
				5A397F2B1EA4A96D00F2DFF3 /* Release */,
			);
			defaultConfigurationIsVisible = 0;
			defaultConfigurationName = Release;
		};
		5A397F2C1EA4A96D00F2DFF3 /* Build configuration list for PBXNativeTarget "Text2SpeechTests" */ = {
			isa = XCConfigurationList;
			buildConfigurations = (
				5A397F2D1EA4A96D00F2DFF3 /* Debug */,
				5A397F2E1EA4A96D00F2DFF3 /* Release */,
			);
			defaultConfigurationIsVisible = 0;
			defaultConfigurationName = Release;
		};
/* End XCConfigurationList section */
	};
	rootObject = 5A397F041EA4A96D00F2DFF3 /* Project object */;
}
